// !$*UTF8*$!
{
	archiveVersion = 1;
	classes = {
	};
	objectVersion = 56;
	objects = {

/* Begin PBXBuildFile section */
		9B1FE3622BC0946300F0A259 /* LoadCriteria.swift in Sources */ = {isa = PBXBuildFile; fileRef = 9B1FE3612BC0946300F0A259 /* LoadCriteria.swift */; };
		9B1FE3652BC0A09200F0A259 /* Addresses.swift in Sources */ = {isa = PBXBuildFile; fileRef = 9B1FE3642BC0A09200F0A259 /* Addresses.swift */; };
		9B1FE3692BC0EE0500F0A259 /* ForecastDisplayData.swift in Sources */ = {isa = PBXBuildFile; fileRef = 9B1FE3682BC0EE0500F0A259 /* ForecastDisplayData.swift */; };
		9B1FE36B2BC497EA00F0A259 /* Environment.swift in Sources */ = {isa = PBXBuildFile; fileRef = 9B1FE36A2BC497EA00F0A259 /* Environment.swift */; };
		9B1FE3742BC49BAE00F0A259 /* CurrentWeatherDisplayData.swift in Sources */ = {isa = PBXBuildFile; fileRef = 9B1FE3732BC49BAE00F0A259 /* CurrentWeatherDisplayData.swift */; };
		9B1FE3762BC49BD000F0A259 /* WeatherDisplayData.swift in Sources */ = {isa = PBXBuildFile; fileRef = 9B1FE3752BC49BD000F0A259 /* WeatherDisplayData.swift */; };
		9B1FE37F2BC4D59600F0A259 /* Reusable.swift in Sources */ = {isa = PBXBuildFile; fileRef = 9B1FE37E2BC4D59600F0A259 /* Reusable.swift */; };
		9B1FE3832BC5001600F0A259 /* UITableView.swift in Sources */ = {isa = PBXBuildFile; fileRef = 9B1FE3822BC5001600F0A259 /* UITableView.swift */; };
		9B1FE3912BC5D68500F0A259 /* OnLoad.swift in Sources */ = {isa = PBXBuildFile; fileRef = 9B1FE3902BC5D68500F0A259 /* OnLoad.swift */; };
		9B1FE3932BC5DAB700F0A259 /* CurrentWeatherDisplayDataMock.swift in Sources */ = {isa = PBXBuildFile; fileRef = 9B1FE3922BC5DAB700F0A259 /* CurrentWeatherDisplayDataMock.swift */; };
		9B1FE3952BC5DC2800F0A259 /* ForecastDisplayDataMock.swift in Sources */ = {isa = PBXBuildFile; fileRef = 9B1FE3942BC5DC2800F0A259 /* ForecastDisplayDataMock.swift */; };
		9B1FE39C2BC6369700F0A259 /* ReadSize.swift in Sources */ = {isa = PBXBuildFile; fileRef = 9B1FE39B2BC6369700F0A259 /* ReadSize.swift */; };
		9B1FE3A12BC63D6600F0A259 /* Quick in Frameworks */ = {isa = PBXBuildFile; productRef = 9B1FE3A02BC63D6600F0A259 /* Quick */; };
		9B1FE3A42BC63D9100F0A259 /* Nimble in Frameworks */ = {isa = PBXBuildFile; productRef = 9B1FE3A32BC63D9100F0A259 /* Nimble */; };
		9B1FE3A92BC63F0300F0A259 /* EnvironmentMock.swift in Sources */ = {isa = PBXBuildFile; fileRef = 9B1FE3A72BC63EB500F0A259 /* EnvironmentMock.swift */; };
		9B1FE3AE2BC6F4B000F0A259 /* WeatherServiceURL.swift in Sources */ = {isa = PBXBuildFile; fileRef = 9B1FE3AD2BC6F4B000F0A259 /* WeatherServiceURL.swift */; };
		9B3940202D1F4D3100F9F04E /* AppKitNavigation in Frameworks */ = {isa = PBXBuildFile; productRef = 9B39401F2D1F4D3100F9F04E /* AppKitNavigation */; };
		9B3940222D1F4D3100F9F04E /* SwiftNavigation in Frameworks */ = {isa = PBXBuildFile; productRef = 9B3940212D1F4D3100F9F04E /* SwiftNavigation */; };
		9B3940242D1F4D3100F9F04E /* SwiftUINavigation in Frameworks */ = {isa = PBXBuildFile; productRef = 9B3940232D1F4D3100F9F04E /* SwiftUINavigation */; };
		9B3940262D1F4D3100F9F04E /* UIKitNavigation in Frameworks */ = {isa = PBXBuildFile; productRef = 9B3940252D1F4D3100F9F04E /* UIKitNavigation */; };
		9B3940292D1F4D5A00F9F04E /* ComposableArchitecture in Frameworks */ = {isa = PBXBuildFile; productRef = 9B3940282D1F4D5A00F9F04E /* ComposableArchitecture */; };
		9B58BFE12D1F4E0E0079C2C0 /* SnapKit in Frameworks */ = {isa = PBXBuildFile; productRef = 9B58BFE02D1F4E0E0079C2C0 /* SnapKit */; };
		9B58BFE32D1F4E1A0079C2C0 /* Overture in Frameworks */ = {isa = PBXBuildFile; productRef = 9B58BFE22D1F4E1A0079C2C0 /* Overture */; };
		9B58BFE52D1F4E250079C2C0 /* PreviewSnapshots in Frameworks */ = {isa = PBXBuildFile; productRef = 9B58BFE42D1F4E250079C2C0 /* PreviewSnapshots */; };
		9B58BFE72D1F52850079C2C0 /* MainMenu.swift in Sources */ = {isa = PBXBuildFile; fileRef = 9B58BFE62D1F52850079C2C0 /* MainMenu.swift */; };
		9B58BFEC2D1F5D1D0079C2C0 /* SampleNavigation.swift in Sources */ = {isa = PBXBuildFile; fileRef = 9B58BFEB2D1F5D1D0079C2C0 /* SampleNavigation.swift */; };
		9B7651D12BEF1C5A009CCC56 /* Double+Extensions.swift in Sources */ = {isa = PBXBuildFile; fileRef = 9B7651D02BEF1C5A009CCC56 /* Double+Extensions.swift */; };
		9B98F4742BCEDB57008B5876 /* HostControllerDelegate.swift in Sources */ = {isa = PBXBuildFile; fileRef = 9B98F4732BCEDB57008B5876 /* HostControllerDelegate.swift */; };
		9BBD8CF62BBC560F00A5F295 /* AppDelegate.swift in Sources */ = {isa = PBXBuildFile; fileRef = 9BBD8CF52BBC560F00A5F295 /* AppDelegate.swift */; };
		9BBD8CF82BBC560F00A5F295 /* SceneDelegate.swift in Sources */ = {isa = PBXBuildFile; fileRef = 9BBD8CF72BBC560F00A5F295 /* SceneDelegate.swift */; };
		9BBD8CFA2BBC560F00A5F295 /* ViewController.swift in Sources */ = {isa = PBXBuildFile; fileRef = 9BBD8CF92BBC560F00A5F295 /* ViewController.swift */; };
		9BBD8CFF2BBC561000A5F295 /* Assets.xcassets in Resources */ = {isa = PBXBuildFile; fileRef = 9BBD8CFE2BBC561000A5F295 /* Assets.xcassets */; };
		9BBD8D022BBC561000A5F295 /* LaunchScreen.storyboard in Resources */ = {isa = PBXBuildFile; fileRef = 9BBD8D002BBC561000A5F295 /* LaunchScreen.storyboard */; };
		9BBD8D0D2BBC561000A5F295 /* SwiftUIIntergrationProjectTests.swift in Sources */ = {isa = PBXBuildFile; fileRef = 9BBD8D0C2BBC561000A5F295 /* SwiftUIIntergrationProjectTests.swift */; };
		9BBD8D172BBC561000A5F295 /* SwiftUIIntergrationProjectUITests.swift in Sources */ = {isa = PBXBuildFile; fileRef = 9BBD8D162BBC561000A5F295 /* SwiftUIIntergrationProjectUITests.swift */; };
		9BBD8D192BBC561000A5F295 /* SwiftUIIntergrationProjectUITestsLaunchTests.swift in Sources */ = {isa = PBXBuildFile; fileRef = 9BBD8D182BBC561000A5F295 /* SwiftUIIntergrationProjectUITestsLaunchTests.swift */; };
		9BBD8D2A2BBC5B0300A5F295 /* PreviewSnapshotsTesting in Frameworks */ = {isa = PBXBuildFile; productRef = 9BBD8D292BBC5B0300A5F295 /* PreviewSnapshotsTesting */; };
		9BD0A8EB2BBE1A4400953018 /* OpenWeatherAPIKey.swift in Sources */ = {isa = PBXBuildFile; fileRef = 9BD0A8EA2BBE1A4400953018 /* OpenWeatherAPIKey.swift */; };
		9BD0A8ED2BBE1C7100953018 /* MainMenuView.swift in Sources */ = {isa = PBXBuildFile; fileRef = 9BD0A8EC2BBE1C7100953018 /* MainMenuView.swift */; };
		9BD0A8F02BBF996F00953018 /* CGFloat+Extensions.swift in Sources */ = {isa = PBXBuildFile; fileRef = 9BD0A8EF2BBF996F00953018 /* CGFloat+Extensions.swift */; };
		9BD0A8FF2BBFA8DE00953018 /* NavigationHandler.swift in Sources */ = {isa = PBXBuildFile; fileRef = 9BD0A8FE2BBFA8DE00953018 /* NavigationHandler.swift */; };
		9BD92E022D1DCEA800D9E0DD /* THButtonView.swift in Sources */ = {isa = PBXBuildFile; fileRef = 9BD92E012D1DCEA800D9E0DD /* THButtonView.swift */; };
		9BD981222BC739C10075ED8B /* GrowingButton.swift in Sources */ = {isa = PBXBuildFile; fileRef = 9BD981212BC739C10075ED8B /* GrowingButton.swift */; };
		9BFA9D6D2D1E0DF80045E230 /* PrimaryButtonView.swift in Sources */ = {isa = PBXBuildFile; fileRef = 9BFA9D6C2D1E0DF80045E230 /* PrimaryButtonView.swift */; };
		9BFA9D6F2D1E0EDC0045E230 /* SecondaryButtonView.swift in Sources */ = {isa = PBXBuildFile; fileRef = 9BFA9D6E2D1E0EDC0045E230 /* SecondaryButtonView.swift */; };
		9BFA9D712D1E0F5A0045E230 /* TertiaryButtonView.swift in Sources */ = {isa = PBXBuildFile; fileRef = 9BFA9D702D1E0F5A0045E230 /* TertiaryButtonView.swift */; };
		9BFA9D732D1E0FED0045E230 /* BaseButtonView.swift in Sources */ = {isa = PBXBuildFile; fileRef = 9BFA9D722D1E0FED0045E230 /* BaseButtonView.swift */; };
		9BFA9D752D1E10480045E230 /* SuccessButtonView.swift in Sources */ = {isa = PBXBuildFile; fileRef = 9BFA9D742D1E10480045E230 /* SuccessButtonView.swift */; };
		9BFA9D772D1E10FA0045E230 /* ErrorButtonView.swift in Sources */ = {isa = PBXBuildFile; fileRef = 9BFA9D762D1E10FA0045E230 /* ErrorButtonView.swift */; };
/* End PBXBuildFile section */

/* Begin PBXContainerItemProxy section */
		9BBD8D092BBC561000A5F295 /* PBXContainerItemProxy */ = {
			isa = PBXContainerItemProxy;
			containerPortal = 9BBD8CEA2BBC560F00A5F295 /* Project object */;
			proxyType = 1;
			remoteGlobalIDString = 9BBD8CF12BBC560F00A5F295;
			remoteInfo = SwiftUIIntergrationProject;
		};
		9BBD8D132BBC561000A5F295 /* PBXContainerItemProxy */ = {
			isa = PBXContainerItemProxy;
			containerPortal = 9BBD8CEA2BBC560F00A5F295 /* Project object */;
			proxyType = 1;
			remoteGlobalIDString = 9BBD8CF12BBC560F00A5F295;
			remoteInfo = SwiftUIIntergrationProject;
		};
/* End PBXContainerItemProxy section */

/* Begin PBXFileReference section */
		9B1FE3612BC0946300F0A259 /* LoadCriteria.swift */ = {isa = PBXFileReference; lastKnownFileType = sourcecode.swift; path = LoadCriteria.swift; sourceTree = "<group>"; };
		9B1FE3642BC0A09200F0A259 /* Addresses.swift */ = {isa = PBXFileReference; lastKnownFileType = sourcecode.swift; path = Addresses.swift; sourceTree = "<group>"; };
		9B1FE3682BC0EE0500F0A259 /* ForecastDisplayData.swift */ = {isa = PBXFileReference; lastKnownFileType = sourcecode.swift; path = ForecastDisplayData.swift; sourceTree = "<group>"; };
		9B1FE36A2BC497EA00F0A259 /* Environment.swift */ = {isa = PBXFileReference; lastKnownFileType = sourcecode.swift; path = Environment.swift; sourceTree = "<group>"; };
		9B1FE3732BC49BAE00F0A259 /* CurrentWeatherDisplayData.swift */ = {isa = PBXFileReference; lastKnownFileType = sourcecode.swift; path = CurrentWeatherDisplayData.swift; sourceTree = "<group>"; };
		9B1FE3752BC49BD000F0A259 /* WeatherDisplayData.swift */ = {isa = PBXFileReference; lastKnownFileType = sourcecode.swift; path = WeatherDisplayData.swift; sourceTree = "<group>"; };
		9B1FE37E2BC4D59600F0A259 /* Reusable.swift */ = {isa = PBXFileReference; lastKnownFileType = sourcecode.swift; path = Reusable.swift; sourceTree = "<group>"; };
		9B1FE3822BC5001600F0A259 /* UITableView.swift */ = {isa = PBXFileReference; lastKnownFileType = sourcecode.swift; path = UITableView.swift; sourceTree = "<group>"; };
		9B1FE3902BC5D68500F0A259 /* OnLoad.swift */ = {isa = PBXFileReference; lastKnownFileType = sourcecode.swift; path = OnLoad.swift; sourceTree = "<group>"; };
		9B1FE3922BC5DAB700F0A259 /* CurrentWeatherDisplayDataMock.swift */ = {isa = PBXFileReference; lastKnownFileType = sourcecode.swift; path = CurrentWeatherDisplayDataMock.swift; sourceTree = "<group>"; };
		9B1FE3942BC5DC2800F0A259 /* ForecastDisplayDataMock.swift */ = {isa = PBXFileReference; lastKnownFileType = sourcecode.swift; path = ForecastDisplayDataMock.swift; sourceTree = "<group>"; };
		9B1FE39B2BC6369700F0A259 /* ReadSize.swift */ = {isa = PBXFileReference; lastKnownFileType = sourcecode.swift; path = ReadSize.swift; sourceTree = "<group>"; };
		9B1FE3A72BC63EB500F0A259 /* EnvironmentMock.swift */ = {isa = PBXFileReference; lastKnownFileType = sourcecode.swift; path = EnvironmentMock.swift; sourceTree = "<group>"; };
		9B1FE3AD2BC6F4B000F0A259 /* WeatherServiceURL.swift */ = {isa = PBXFileReference; lastKnownFileType = sourcecode.swift; path = WeatherServiceURL.swift; sourceTree = "<group>"; };
		9B58BFE62D1F52850079C2C0 /* MainMenu.swift */ = {isa = PBXFileReference; lastKnownFileType = sourcecode.swift; path = MainMenu.swift; sourceTree = "<group>"; };
		9B58BFEB2D1F5D1D0079C2C0 /* SampleNavigation.swift */ = {isa = PBXFileReference; lastKnownFileType = sourcecode.swift; path = SampleNavigation.swift; sourceTree = "<group>"; };
		9B7651D02BEF1C5A009CCC56 /* Double+Extensions.swift */ = {isa = PBXFileReference; lastKnownFileType = sourcecode.swift; path = "Double+Extensions.swift"; sourceTree = "<group>"; };
		9B98F4732BCEDB57008B5876 /* HostControllerDelegate.swift */ = {isa = PBXFileReference; lastKnownFileType = sourcecode.swift; path = HostControllerDelegate.swift; sourceTree = "<group>"; };
		9BBD8CF22BBC560F00A5F295 /* SwiftUIIntergrationProject.app */ = {isa = PBXFileReference; explicitFileType = wrapper.application; includeInIndex = 0; path = SwiftUIIntergrationProject.app; sourceTree = BUILT_PRODUCTS_DIR; };
		9BBD8CF52BBC560F00A5F295 /* AppDelegate.swift */ = {isa = PBXFileReference; lastKnownFileType = sourcecode.swift; path = AppDelegate.swift; sourceTree = "<group>"; };
		9BBD8CF72BBC560F00A5F295 /* SceneDelegate.swift */ = {isa = PBXFileReference; lastKnownFileType = sourcecode.swift; path = SceneDelegate.swift; sourceTree = "<group>"; };
		9BBD8CF92BBC560F00A5F295 /* ViewController.swift */ = {isa = PBXFileReference; lastKnownFileType = sourcecode.swift; path = ViewController.swift; sourceTree = "<group>"; };
		9BBD8CFE2BBC561000A5F295 /* Assets.xcassets */ = {isa = PBXFileReference; lastKnownFileType = folder.assetcatalog; path = Assets.xcassets; sourceTree = "<group>"; };
		9BBD8D012BBC561000A5F295 /* Base */ = {isa = PBXFileReference; lastKnownFileType = file.storyboard; name = Base; path = Base.lproj/LaunchScreen.storyboard; sourceTree = "<group>"; };
		9BBD8D032BBC561000A5F295 /* Info.plist */ = {isa = PBXFileReference; lastKnownFileType = text.plist.xml; path = Info.plist; sourceTree = "<group>"; };
		9BBD8D082BBC561000A5F295 /* SwiftUIIntergrationProjectTests.xctest */ = {isa = PBXFileReference; explicitFileType = wrapper.cfbundle; includeInIndex = 0; path = SwiftUIIntergrationProjectTests.xctest; sourceTree = BUILT_PRODUCTS_DIR; };
		9BBD8D0C2BBC561000A5F295 /* SwiftUIIntergrationProjectTests.swift */ = {isa = PBXFileReference; lastKnownFileType = sourcecode.swift; path = SwiftUIIntergrationProjectTests.swift; sourceTree = "<group>"; };
		9BBD8D122BBC561000A5F295 /* SwiftUIIntergrationProjectUITests.xctest */ = {isa = PBXFileReference; explicitFileType = wrapper.cfbundle; includeInIndex = 0; path = SwiftUIIntergrationProjectUITests.xctest; sourceTree = BUILT_PRODUCTS_DIR; };
		9BBD8D162BBC561000A5F295 /* SwiftUIIntergrationProjectUITests.swift */ = {isa = PBXFileReference; lastKnownFileType = sourcecode.swift; path = SwiftUIIntergrationProjectUITests.swift; sourceTree = "<group>"; };
		9BBD8D182BBC561000A5F295 /* SwiftUIIntergrationProjectUITestsLaunchTests.swift */ = {isa = PBXFileReference; lastKnownFileType = sourcecode.swift; path = SwiftUIIntergrationProjectUITestsLaunchTests.swift; sourceTree = "<group>"; };
		9BD0A8EA2BBE1A4400953018 /* OpenWeatherAPIKey.swift */ = {isa = PBXFileReference; lastKnownFileType = sourcecode.swift; path = OpenWeatherAPIKey.swift; sourceTree = "<group>"; };
		9BD0A8EC2BBE1C7100953018 /* MainMenuView.swift */ = {isa = PBXFileReference; lastKnownFileType = sourcecode.swift; path = MainMenuView.swift; sourceTree = "<group>"; };
		9BD0A8EF2BBF996F00953018 /* CGFloat+Extensions.swift */ = {isa = PBXFileReference; lastKnownFileType = sourcecode.swift; path = "CGFloat+Extensions.swift"; sourceTree = "<group>"; };
		9BD0A8FE2BBFA8DE00953018 /* NavigationHandler.swift */ = {isa = PBXFileReference; lastKnownFileType = sourcecode.swift; path = NavigationHandler.swift; sourceTree = "<group>"; };
		9BD92E012D1DCEA800D9E0DD /* THButtonView.swift */ = {isa = PBXFileReference; lastKnownFileType = sourcecode.swift; path = THButtonView.swift; sourceTree = "<group>"; };
		9BD981212BC739C10075ED8B /* GrowingButton.swift */ = {isa = PBXFileReference; lastKnownFileType = sourcecode.swift; path = GrowingButton.swift; sourceTree = "<group>"; };
		9BFA9D6C2D1E0DF80045E230 /* PrimaryButtonView.swift */ = {isa = PBXFileReference; lastKnownFileType = sourcecode.swift; path = PrimaryButtonView.swift; sourceTree = "<group>"; };
		9BFA9D6E2D1E0EDC0045E230 /* SecondaryButtonView.swift */ = {isa = PBXFileReference; lastKnownFileType = sourcecode.swift; path = SecondaryButtonView.swift; sourceTree = "<group>"; };
		9BFA9D702D1E0F5A0045E230 /* TertiaryButtonView.swift */ = {isa = PBXFileReference; lastKnownFileType = sourcecode.swift; path = TertiaryButtonView.swift; sourceTree = "<group>"; };
		9BFA9D722D1E0FED0045E230 /* BaseButtonView.swift */ = {isa = PBXFileReference; lastKnownFileType = sourcecode.swift; path = BaseButtonView.swift; sourceTree = "<group>"; };
		9BFA9D742D1E10480045E230 /* SuccessButtonView.swift */ = {isa = PBXFileReference; lastKnownFileType = sourcecode.swift; path = SuccessButtonView.swift; sourceTree = "<group>"; };
		9BFA9D762D1E10FA0045E230 /* ErrorButtonView.swift */ = {isa = PBXFileReference; lastKnownFileType = sourcecode.swift; path = ErrorButtonView.swift; sourceTree = "<group>"; };
/* End PBXFileReference section */

/* Begin PBXFrameworksBuildPhase section */
		9BBD8CEF2BBC560F00A5F295 /* Frameworks */ = {
			isa = PBXFrameworksBuildPhase;
			buildActionMask = 2147483647;
			files = (
				9B3940292D1F4D5A00F9F04E /* ComposableArchitecture in Frameworks */,
				9B58BFE12D1F4E0E0079C2C0 /* SnapKit in Frameworks */,
				9B3940222D1F4D3100F9F04E /* SwiftNavigation in Frameworks */,
				9B3940262D1F4D3100F9F04E /* UIKitNavigation in Frameworks */,
				9B58BFE52D1F4E250079C2C0 /* PreviewSnapshots in Frameworks */,
				9B58BFE32D1F4E1A0079C2C0 /* Overture in Frameworks */,
				9B3940202D1F4D3100F9F04E /* AppKitNavigation in Frameworks */,
				9B3940242D1F4D3100F9F04E /* SwiftUINavigation in Frameworks */,
			);
			runOnlyForDeploymentPostprocessing = 0;
		};
		9BBD8D052BBC561000A5F295 /* Frameworks */ = {
			isa = PBXFrameworksBuildPhase;
			buildActionMask = 2147483647;
			files = (
				9B1FE3A42BC63D9100F0A259 /* Nimble in Frameworks */,
				9B1FE3A12BC63D6600F0A259 /* Quick in Frameworks */,
				9BBD8D2A2BBC5B0300A5F295 /* PreviewSnapshotsTesting in Frameworks */,
			);
			runOnlyForDeploymentPostprocessing = 0;
		};
		9BBD8D0F2BBC561000A5F295 /* Frameworks */ = {
			isa = PBXFrameworksBuildPhase;
			buildActionMask = 2147483647;
			files = (
			);
			runOnlyForDeploymentPostprocessing = 0;
		};
/* End PBXFrameworksBuildPhase section */

/* Begin PBXGroup section */
		9B1FE3632BC0A08600F0A259 /* Models */ = {
			isa = PBXGroup;
			children = (
				9B1FE3642BC0A09200F0A259 /* Addresses.swift */,
				9B1FE3612BC0946300F0A259 /* LoadCriteria.swift */,
				9B1FE3752BC49BD000F0A259 /* WeatherDisplayData.swift */,
				9B1FE3682BC0EE0500F0A259 /* ForecastDisplayData.swift */,
				9B1FE3942BC5DC2800F0A259 /* ForecastDisplayDataMock.swift */,
				9B1FE3732BC49BAE00F0A259 /* CurrentWeatherDisplayData.swift */,
				9B1FE3922BC5DAB700F0A259 /* CurrentWeatherDisplayDataMock.swift */,
			);
			path = Models;
			sourceTree = "<group>";
		};
		9B1FE36C2BC498FA00F0A259 /* UIKitExtensions */ = {
			isa = PBXGroup;
			children = (
				9B1FE37E2BC4D59600F0A259 /* Reusable.swift */,
				9B1FE3822BC5001600F0A259 /* UITableView.swift */,
				9B98F4732BCEDB57008B5876 /* HostControllerDelegate.swift */,
			);
			path = UIKitExtensions;
			sourceTree = "<group>";
		};
		9B1FE38F2BC5D67900F0A259 /* SwiftUIModifiers */ = {
			isa = PBXGroup;
			children = (
				9B1FE3902BC5D68500F0A259 /* OnLoad.swift */,
				9B1FE39B2BC6369700F0A259 /* ReadSize.swift */,
				9BD981212BC739C10075ED8B /* GrowingButton.swift */,
			);
			path = SwiftUIModifiers;
			sourceTree = "<group>";
		};
		9B327CC12BC8CE120031A858 /* ModifiersExtensions */ = {
			isa = PBXGroup;
			children = (
				9BD0A8EE2BBF995800953018 /* Constants */,
				9B1FE36C2BC498FA00F0A259 /* UIKitExtensions */,
				9B1FE38F2BC5D67900F0A259 /* SwiftUIModifiers */,
			);
			path = ModifiersExtensions;
			sourceTree = "<group>";
		};
		9B3940272D1F4D5A00F9F04E /* Frameworks */ = {
			isa = PBXGroup;
			children = (
			);
			name = Frameworks;
			sourceTree = "<group>";
		};
		9B58BFE82D1F5B940079C2C0 /* ExampleNavigation */ = {
			isa = PBXGroup;
			children = (
				9B58BFEB2D1F5D1D0079C2C0 /* SampleNavigation.swift */,
			);
			path = ExampleNavigation;
			sourceTree = "<group>";
		};
		9B7651CF2BEF08F2009CCC56 /* Resources */ = {
			isa = PBXGroup;
			children = (
				9BBD8CFE2BBC561000A5F295 /* Assets.xcassets */,
				9BBD8D002BBC561000A5F295 /* LaunchScreen.storyboard */,
			);
			path = Resources;
			sourceTree = "<group>";
		};
		9BBD8CE92BBC560F00A5F295 = {
			isa = PBXGroup;
			children = (
				9BBD8CF42BBC560F00A5F295 /* SwiftUIIntergrationProject */,
				9BBD8D0B2BBC561000A5F295 /* SwiftUIIntergrationProjectTests */,
				9BBD8D152BBC561000A5F295 /* SwiftUIIntergrationProjectUITests */,
				9BBD8CF32BBC560F00A5F295 /* Products */,
				9B3940272D1F4D5A00F9F04E /* Frameworks */,
			);
			sourceTree = "<group>";
		};
		9BBD8CF32BBC560F00A5F295 /* Products */ = {
			isa = PBXGroup;
			children = (
				9BBD8CF22BBC560F00A5F295 /* SwiftUIIntergrationProject.app */,
				9BBD8D082BBC561000A5F295 /* SwiftUIIntergrationProjectTests.xctest */,
				9BBD8D122BBC561000A5F295 /* SwiftUIIntergrationProjectUITests.xctest */,
			);
			name = Products;
			sourceTree = "<group>";
		};
		9BBD8CF42BBC560F00A5F295 /* SwiftUIIntergrationProject */ = {
			isa = PBXGroup;
			children = (
				9BD92E002D1DCE2300D9E0DD /* CoreSwiftUI */,
				9B7651CF2BEF08F2009CCC56 /* Resources */,
				9B327CC12BC8CE120031A858 /* ModifiersExtensions */,
				9B1FE3632BC0A08600F0A259 /* Models */,
				9BD0A9052BC08C3700953018 /* Services */,
				9BD0A8FD2BBFA27100953018 /* Navigation */,
				9BBD8D252BBC56A900A5F295 /* MainMenu */,
				9BBD8CF52BBC560F00A5F295 /* AppDelegate.swift */,
				9BD0A8EA2BBE1A4400953018 /* OpenWeatherAPIKey.swift */,
				9BBD8CF72BBC560F00A5F295 /* SceneDelegate.swift */,
				9B1FE36A2BC497EA00F0A259 /* Environment.swift */,
				9B1FE3A72BC63EB500F0A259 /* EnvironmentMock.swift */,
				9BBD8D032BBC561000A5F295 /* Info.plist */,
			);
			path = SwiftUIIntergrationProject;
			sourceTree = "<group>";
		};
		9BBD8D0B2BBC561000A5F295 /* SwiftUIIntergrationProjectTests */ = {
			isa = PBXGroup;
			children = (
				9BBD8D0C2BBC561000A5F295 /* SwiftUIIntergrationProjectTests.swift */,
			);
			path = SwiftUIIntergrationProjectTests;
			sourceTree = "<group>";
		};
		9BBD8D152BBC561000A5F295 /* SwiftUIIntergrationProjectUITests */ = {
			isa = PBXGroup;
			children = (
				9BBD8D162BBC561000A5F295 /* SwiftUIIntergrationProjectUITests.swift */,
				9BBD8D182BBC561000A5F295 /* SwiftUIIntergrationProjectUITestsLaunchTests.swift */,
			);
			path = SwiftUIIntergrationProjectUITests;
			sourceTree = "<group>";
		};
		9BBD8D252BBC56A900A5F295 /* MainMenu */ = {
			isa = PBXGroup;
			children = (
				9B58BFE82D1F5B940079C2C0 /* ExampleNavigation */,
				9BBD8CF92BBC560F00A5F295 /* ViewController.swift */,
				9BD0A8EC2BBE1C7100953018 /* MainMenuView.swift */,
				9B58BFE62D1F52850079C2C0 /* MainMenu.swift */,
			);
			path = MainMenu;
			sourceTree = "<group>";
		};
		9BD0A8EE2BBF995800953018 /* Constants */ = {
			isa = PBXGroup;
			children = (
				9BD0A8EF2BBF996F00953018 /* CGFloat+Extensions.swift */,
				9B7651D02BEF1C5A009CCC56 /* Double+Extensions.swift */,
			);
			path = Constants;
			sourceTree = "<group>";
		};
		9BD0A8FD2BBFA27100953018 /* Navigation */ = {
			isa = PBXGroup;
			children = (
				9BD0A8FE2BBFA8DE00953018 /* NavigationHandler.swift */,
			);
			path = Navigation;
			sourceTree = "<group>";
		};
		9BD0A9052BC08C3700953018 /* Services */ = {
			isa = PBXGroup;
			children = (
				9B1FE3AD2BC6F4B000F0A259 /* WeatherServiceURL.swift */,
			);
			path = Services;
			sourceTree = "<group>";
		};
		9BD92E002D1DCE2300D9E0DD /* CoreSwiftUI */ = {
			isa = PBXGroup;
			children = (
				9BD92E012D1DCEA800D9E0DD /* THButtonView.swift */,
				9BFA9D6C2D1E0DF80045E230 /* PrimaryButtonView.swift */,
				9BFA9D6E2D1E0EDC0045E230 /* SecondaryButtonView.swift */,
				9BFA9D702D1E0F5A0045E230 /* TertiaryButtonView.swift */,
				9BFA9D722D1E0FED0045E230 /* BaseButtonView.swift */,
				9BFA9D742D1E10480045E230 /* SuccessButtonView.swift */,
				9BFA9D762D1E10FA0045E230 /* ErrorButtonView.swift */,
			);
			path = CoreSwiftUI;
			sourceTree = "<group>";
		};
/* End PBXGroup section */

/* Begin PBXNativeTarget section */
		9BBD8CF12BBC560F00A5F295 /* SwiftUIIntergrationProject */ = {
			isa = PBXNativeTarget;
			buildConfigurationList = 9BBD8D1C2BBC561000A5F295 /* Build configuration list for PBXNativeTarget "SwiftUIIntergrationProject" */;
			buildPhases = (
				9BBD8CEE2BBC560F00A5F295 /* Sources */,
				9BBD8CEF2BBC560F00A5F295 /* Frameworks */,
				9BBD8CF02BBC560F00A5F295 /* Resources */,
			);
			buildRules = (
			);
			dependencies = (
			);
			name = SwiftUIIntergrationProject;
			packageProductDependencies = (
				9B39401F2D1F4D3100F9F04E /* AppKitNavigation */,
				9B3940212D1F4D3100F9F04E /* SwiftNavigation */,
				9B3940232D1F4D3100F9F04E /* SwiftUINavigation */,
				9B3940252D1F4D3100F9F04E /* UIKitNavigation */,
				9B3940282D1F4D5A00F9F04E /* ComposableArchitecture */,
				9B58BFE02D1F4E0E0079C2C0 /* SnapKit */,
				9B58BFE22D1F4E1A0079C2C0 /* Overture */,
				9B58BFE42D1F4E250079C2C0 /* PreviewSnapshots */,
			);
			productName = SwiftUIIntergrationProject;
			productReference = 9BBD8CF22BBC560F00A5F295 /* SwiftUIIntergrationProject.app */;
			productType = "com.apple.product-type.application";
		};
		9BBD8D072BBC561000A5F295 /* SwiftUIIntergrationProjectTests */ = {
			isa = PBXNativeTarget;
			buildConfigurationList = 9BBD8D1F2BBC561000A5F295 /* Build configuration list for PBXNativeTarget "SwiftUIIntergrationProjectTests" */;
			buildPhases = (
				9BBD8D042BBC561000A5F295 /* Sources */,
				9BBD8D052BBC561000A5F295 /* Frameworks */,
				9BBD8D062BBC561000A5F295 /* Resources */,
			);
			buildRules = (
			);
			dependencies = (
				9BBD8D0A2BBC561000A5F295 /* PBXTargetDependency */,
			);
			name = SwiftUIIntergrationProjectTests;
			packageProductDependencies = (
				9BBD8D292BBC5B0300A5F295 /* PreviewSnapshotsTesting */,
				9B1FE3A02BC63D6600F0A259 /* Quick */,
				9B1FE3A32BC63D9100F0A259 /* Nimble */,
			);
			productName = SwiftUIIntergrationProjectTests;
			productReference = 9BBD8D082BBC561000A5F295 /* SwiftUIIntergrationProjectTests.xctest */;
			productType = "com.apple.product-type.bundle.unit-test";
		};
		9BBD8D112BBC561000A5F295 /* SwiftUIIntergrationProjectUITests */ = {
			isa = PBXNativeTarget;
			buildConfigurationList = 9BBD8D222BBC561000A5F295 /* Build configuration list for PBXNativeTarget "SwiftUIIntergrationProjectUITests" */;
			buildPhases = (
				9BBD8D0E2BBC561000A5F295 /* Sources */,
				9BBD8D0F2BBC561000A5F295 /* Frameworks */,
				9BBD8D102BBC561000A5F295 /* Resources */,
			);
			buildRules = (
			);
			dependencies = (
				9BBD8D142BBC561000A5F295 /* PBXTargetDependency */,
			);
			name = SwiftUIIntergrationProjectUITests;
			productName = SwiftUIIntergrationProjectUITests;
			productReference = 9BBD8D122BBC561000A5F295 /* SwiftUIIntergrationProjectUITests.xctest */;
			productType = "com.apple.product-type.bundle.ui-testing";
		};
/* End PBXNativeTarget section */

/* Begin PBXProject section */
		9BBD8CEA2BBC560F00A5F295 /* Project object */ = {
			isa = PBXProject;
			attributes = {
				BuildIndependentTargetsInParallel = 1;
				LastSwiftUpdateCheck = 1520;
				LastUpgradeCheck = 1520;
				TargetAttributes = {
					9BBD8CF12BBC560F00A5F295 = {
						CreatedOnToolsVersion = 15.2;
					};
					9BBD8D072BBC561000A5F295 = {
						CreatedOnToolsVersion = 15.2;
						TestTargetID = 9BBD8CF12BBC560F00A5F295;
					};
					9BBD8D112BBC561000A5F295 = {
						CreatedOnToolsVersion = 15.2;
						TestTargetID = 9BBD8CF12BBC560F00A5F295;
					};
				};
			};
			buildConfigurationList = 9BBD8CED2BBC560F00A5F295 /* Build configuration list for PBXProject "SwiftUIIntergrationProject" */;
			compatibilityVersion = "Xcode 14.0";
			developmentRegion = en;
			hasScannedForEncodings = 0;
			knownRegions = (
				en,
				Base,
			);
			mainGroup = 9BBD8CE92BBC560F00A5F295;
			packageReferences = (
				9BBD8D262BBC5B0300A5F295 /* XCRemoteSwiftPackageReference "swiftui-preview-snapshots" */,
				9BBD8D2B2BBC5B3000A5F295 /* XCRemoteSwiftPackageReference "swift-composable-architecture" */,
				9BD0A8E12BBE185700953018 /* XCRemoteSwiftPackageReference "SnapKit" */,
				9BD0A8F22BBF9E4200953018 /* XCRemoteSwiftPackageReference "swift-overture" */,
				9B1FE39F2BC63D6600F0A259 /* XCRemoteSwiftPackageReference "Quick" */,
				9B1FE3A22BC63D9100F0A259 /* XCRemoteSwiftPackageReference "Nimble" */,
				9B39401E2D1F4D3100F9F04E /* XCRemoteSwiftPackageReference "swift-navigation" */,
			);
			productRefGroup = 9BBD8CF32BBC560F00A5F295 /* Products */;
			projectDirPath = "";
			projectRoot = "";
			targets = (
				9BBD8CF12BBC560F00A5F295 /* SwiftUIIntergrationProject */,
				9BBD8D072BBC561000A5F295 /* SwiftUIIntergrationProjectTests */,
				9BBD8D112BBC561000A5F295 /* SwiftUIIntergrationProjectUITests */,
			);
		};
/* End PBXProject section */

/* Begin PBXResourcesBuildPhase section */
		9BBD8CF02BBC560F00A5F295 /* Resources */ = {
			isa = PBXResourcesBuildPhase;
			buildActionMask = 2147483647;
			files = (
				9BBD8D022BBC561000A5F295 /* LaunchScreen.storyboard in Resources */,
				9BBD8CFF2BBC561000A5F295 /* Assets.xcassets in Resources */,
			);
			runOnlyForDeploymentPostprocessing = 0;
		};
		9BBD8D062BBC561000A5F295 /* Resources */ = {
			isa = PBXResourcesBuildPhase;
			buildActionMask = 2147483647;
			files = (
			);
			runOnlyForDeploymentPostprocessing = 0;
		};
		9BBD8D102BBC561000A5F295 /* Resources */ = {
			isa = PBXResourcesBuildPhase;
			buildActionMask = 2147483647;
			files = (
			);
			runOnlyForDeploymentPostprocessing = 0;
		};
/* End PBXResourcesBuildPhase section */

/* Begin PBXSourcesBuildPhase section */
		9BBD8CEE2BBC560F00A5F295 /* Sources */ = {
			isa = PBXSourcesBuildPhase;
			buildActionMask = 2147483647;
			files = (
				9B1FE3742BC49BAE00F0A259 /* CurrentWeatherDisplayData.swift in Sources */,
				9BFA9D6F2D1E0EDC0045E230 /* SecondaryButtonView.swift in Sources */,
				9B7651D12BEF1C5A009CCC56 /* Double+Extensions.swift in Sources */,
				9B1FE3952BC5DC2800F0A259 /* ForecastDisplayDataMock.swift in Sources */,
				9B98F4742BCEDB57008B5876 /* HostControllerDelegate.swift in Sources */,
				9B1FE36B2BC497EA00F0A259 /* Environment.swift in Sources */,
				9BD0A8FF2BBFA8DE00953018 /* NavigationHandler.swift in Sources */,
				9B1FE37F2BC4D59600F0A259 /* Reusable.swift in Sources */,
				9BFA9D712D1E0F5A0045E230 /* TertiaryButtonView.swift in Sources */,
				9B1FE3832BC5001600F0A259 /* UITableView.swift in Sources */,
				9B1FE39C2BC6369700F0A259 /* ReadSize.swift in Sources */,
				9BFA9D732D1E0FED0045E230 /* BaseButtonView.swift in Sources */,
				9BFA9D752D1E10480045E230 /* SuccessButtonView.swift in Sources */,
				9BFA9D6D2D1E0DF80045E230 /* PrimaryButtonView.swift in Sources */,
				9B1FE3622BC0946300F0A259 /* LoadCriteria.swift in Sources */,
				9B1FE3652BC0A09200F0A259 /* Addresses.swift in Sources */,
				9B58BFE72D1F52850079C2C0 /* MainMenu.swift in Sources */,
				9BD0A8ED2BBE1C7100953018 /* MainMenuView.swift in Sources */,
				9B1FE3912BC5D68500F0A259 /* OnLoad.swift in Sources */,
				9BBD8CFA2BBC560F00A5F295 /* ViewController.swift in Sources */,
				9B58BFEC2D1F5D1D0079C2C0 /* SampleNavigation.swift in Sources */,
				9BFA9D772D1E10FA0045E230 /* ErrorButtonView.swift in Sources */,
				9BBD8CF62BBC560F00A5F295 /* AppDelegate.swift in Sources */,
				9BD981222BC739C10075ED8B /* GrowingButton.swift in Sources */,
				9B1FE3932BC5DAB700F0A259 /* CurrentWeatherDisplayDataMock.swift in Sources */,
				9B1FE3762BC49BD000F0A259 /* WeatherDisplayData.swift in Sources */,
				9BD92E022D1DCEA800D9E0DD /* THButtonView.swift in Sources */,
				9BBD8CF82BBC560F00A5F295 /* SceneDelegate.swift in Sources */,
				9B1FE3692BC0EE0500F0A259 /* ForecastDisplayData.swift in Sources */,
				9BD0A8F02BBF996F00953018 /* CGFloat+Extensions.swift in Sources */,
				9B1FE3AE2BC6F4B000F0A259 /* WeatherServiceURL.swift in Sources */,
				9BD0A8EB2BBE1A4400953018 /* OpenWeatherAPIKey.swift in Sources */,
			);
			runOnlyForDeploymentPostprocessing = 0;
		};
		9BBD8D042BBC561000A5F295 /* Sources */ = {
			isa = PBXSourcesBuildPhase;
			buildActionMask = 2147483647;
			files = (
				9B1FE3A92BC63F0300F0A259 /* EnvironmentMock.swift in Sources */,
				9BBD8D0D2BBC561000A5F295 /* SwiftUIIntergrationProjectTests.swift in Sources */,
			);
			runOnlyForDeploymentPostprocessing = 0;
		};
		9BBD8D0E2BBC561000A5F295 /* Sources */ = {
			isa = PBXSourcesBuildPhase;
			buildActionMask = 2147483647;
			files = (
				9BBD8D192BBC561000A5F295 /* SwiftUIIntergrationProjectUITestsLaunchTests.swift in Sources */,
				9BBD8D172BBC561000A5F295 /* SwiftUIIntergrationProjectUITests.swift in Sources */,
			);
			runOnlyForDeploymentPostprocessing = 0;
		};
/* End PBXSourcesBuildPhase section */

/* Begin PBXTargetDependency section */
		9BBD8D0A2BBC561000A5F295 /* PBXTargetDependency */ = {
			isa = PBXTargetDependency;
			target = 9BBD8CF12BBC560F00A5F295 /* SwiftUIIntergrationProject */;
			targetProxy = 9BBD8D092BBC561000A5F295 /* PBXContainerItemProxy */;
		};
		9BBD8D142BBC561000A5F295 /* PBXTargetDependency */ = {
			isa = PBXTargetDependency;
			target = 9BBD8CF12BBC560F00A5F295 /* SwiftUIIntergrationProject */;
			targetProxy = 9BBD8D132BBC561000A5F295 /* PBXContainerItemProxy */;
		};
/* End PBXTargetDependency section */

/* Begin PBXVariantGroup section */
		9BBD8D002BBC561000A5F295 /* LaunchScreen.storyboard */ = {
			isa = PBXVariantGroup;
			children = (
				9BBD8D012BBC561000A5F295 /* Base */,
			);
			name = LaunchScreen.storyboard;
			sourceTree = "<group>";
		};
/* End PBXVariantGroup section */

/* Begin XCBuildConfiguration section */
		9BBD8D1A2BBC561000A5F295 /* Debug */ = {
			isa = XCBuildConfiguration;
			buildSettings = {
				ALWAYS_SEARCH_USER_PATHS = NO;
				ASSETCATALOG_COMPILER_GENERATE_SWIFT_ASSET_SYMBOL_EXTENSIONS = YES;
				CLANG_ANALYZER_NONNULL = YES;
				CLANG_ANALYZER_NUMBER_OBJECT_CONVERSION = YES_AGGRESSIVE;
				CLANG_CXX_LANGUAGE_STANDARD = "gnu++20";
				CLANG_ENABLE_MODULES = YES;
				CLANG_ENABLE_OBJC_ARC = YES;
				CLANG_ENABLE_OBJC_WEAK = YES;
				CLANG_WARN_BLOCK_CAPTURE_AUTORELEASING = YES;
				CLANG_WARN_BOOL_CONVERSION = YES;
				CLANG_WARN_COMMA = YES;
				CLANG_WARN_CONSTANT_CONVERSION = YES;
				CLANG_WARN_DEPRECATED_OBJC_IMPLEMENTATIONS = YES;
				CLANG_WARN_DIRECT_OBJC_ISA_USAGE = YES_ERROR;
				CLANG_WARN_DOCUMENTATION_COMMENTS = YES;
				CLANG_WARN_EMPTY_BODY = YES;
				CLANG_WARN_ENUM_CONVERSION = YES;
				CLANG_WARN_INFINITE_RECURSION = YES;
				CLANG_WARN_INT_CONVERSION = YES;
				CLANG_WARN_NON_LITERAL_NULL_CONVERSION = YES;
				CLANG_WARN_OBJC_IMPLICIT_RETAIN_SELF = YES;
				CLANG_WARN_OBJC_LITERAL_CONVERSION = YES;
				CLANG_WARN_OBJC_ROOT_CLASS = YES_ERROR;
				CLANG_WARN_QUOTED_INCLUDE_IN_FRAMEWORK_HEADER = YES;
				CLANG_WARN_RANGE_LOOP_ANALYSIS = YES;
				CLANG_WARN_STRICT_PROTOTYPES = YES;
				CLANG_WARN_SUSPICIOUS_MOVE = YES;
				CLANG_WARN_UNGUARDED_AVAILABILITY = YES_AGGRESSIVE;
				CLANG_WARN_UNREACHABLE_CODE = YES;
				CLANG_WARN__DUPLICATE_METHOD_MATCH = YES;
				COPY_PHASE_STRIP = NO;
				DEBUG_INFORMATION_FORMAT = dwarf;
				ENABLE_STRICT_OBJC_MSGSEND = YES;
				ENABLE_TESTABILITY = YES;
				ENABLE_USER_SCRIPT_SANDBOXING = YES;
				GCC_C_LANGUAGE_STANDARD = gnu17;
				GCC_DYNAMIC_NO_PIC = NO;
				GCC_NO_COMMON_BLOCKS = YES;
				GCC_OPTIMIZATION_LEVEL = 0;
				GCC_PREPROCESSOR_DEFINITIONS = (
					"DEBUG=1",
					"$(inherited)",
				);
				GCC_WARN_64_TO_32_BIT_CONVERSION = YES;
				GCC_WARN_ABOUT_RETURN_TYPE = YES_ERROR;
				GCC_WARN_UNDECLARED_SELECTOR = YES;
				GCC_WARN_UNINITIALIZED_AUTOS = YES_AGGRESSIVE;
				GCC_WARN_UNUSED_FUNCTION = YES;
				GCC_WARN_UNUSED_VARIABLE = YES;
				IPHONEOS_DEPLOYMENT_TARGET = 17.2;
				LOCALIZATION_PREFERS_STRING_CATALOGS = YES;
				MTL_ENABLE_DEBUG_INFO = INCLUDE_SOURCE;
				MTL_FAST_MATH = YES;
				ONLY_ACTIVE_ARCH = YES;
				SDKROOT = iphoneos;
				SWIFT_ACTIVE_COMPILATION_CONDITIONS = "DEBUG $(inherited)";
				SWIFT_OPTIMIZATION_LEVEL = "-Onone";
			};
			name = Debug;
		};
		9BBD8D1B2BBC561000A5F295 /* Release */ = {
			isa = XCBuildConfiguration;
			buildSettings = {
				ALWAYS_SEARCH_USER_PATHS = NO;
				ASSETCATALOG_COMPILER_GENERATE_SWIFT_ASSET_SYMBOL_EXTENSIONS = YES;
				CLANG_ANALYZER_NONNULL = YES;
				CLANG_ANALYZER_NUMBER_OBJECT_CONVERSION = YES_AGGRESSIVE;
				CLANG_CXX_LANGUAGE_STANDARD = "gnu++20";
				CLANG_ENABLE_MODULES = YES;
				CLANG_ENABLE_OBJC_ARC = YES;
				CLANG_ENABLE_OBJC_WEAK = YES;
				CLANG_WARN_BLOCK_CAPTURE_AUTORELEASING = YES;
				CLANG_WARN_BOOL_CONVERSION = YES;
				CLANG_WARN_COMMA = YES;
				CLANG_WARN_CONSTANT_CONVERSION = YES;
				CLANG_WARN_DEPRECATED_OBJC_IMPLEMENTATIONS = YES;
				CLANG_WARN_DIRECT_OBJC_ISA_USAGE = YES_ERROR;
				CLANG_WARN_DOCUMENTATION_COMMENTS = YES;
				CLANG_WARN_EMPTY_BODY = YES;
				CLANG_WARN_ENUM_CONVERSION = YES;
				CLANG_WARN_INFINITE_RECURSION = YES;
				CLANG_WARN_INT_CONVERSION = YES;
				CLANG_WARN_NON_LITERAL_NULL_CONVERSION = YES;
				CLANG_WARN_OBJC_IMPLICIT_RETAIN_SELF = YES;
				CLANG_WARN_OBJC_LITERAL_CONVERSION = YES;
				CLANG_WARN_OBJC_ROOT_CLASS = YES_ERROR;
				CLANG_WARN_QUOTED_INCLUDE_IN_FRAMEWORK_HEADER = YES;
				CLANG_WARN_RANGE_LOOP_ANALYSIS = YES;
				CLANG_WARN_STRICT_PROTOTYPES = YES;
				CLANG_WARN_SUSPICIOUS_MOVE = YES;
				CLANG_WARN_UNGUARDED_AVAILABILITY = YES_AGGRESSIVE;
				CLANG_WARN_UNREACHABLE_CODE = YES;
				CLANG_WARN__DUPLICATE_METHOD_MATCH = YES;
				COPY_PHASE_STRIP = NO;
				DEBUG_INFORMATION_FORMAT = "dwarf-with-dsym";
				ENABLE_NS_ASSERTIONS = NO;
				ENABLE_STRICT_OBJC_MSGSEND = YES;
				ENABLE_USER_SCRIPT_SANDBOXING = YES;
				GCC_C_LANGUAGE_STANDARD = gnu17;
				GCC_NO_COMMON_BLOCKS = YES;
				GCC_WARN_64_TO_32_BIT_CONVERSION = YES;
				GCC_WARN_ABOUT_RETURN_TYPE = YES_ERROR;
				GCC_WARN_UNDECLARED_SELECTOR = YES;
				GCC_WARN_UNINITIALIZED_AUTOS = YES_AGGRESSIVE;
				GCC_WARN_UNUSED_FUNCTION = YES;
				GCC_WARN_UNUSED_VARIABLE = YES;
				IPHONEOS_DEPLOYMENT_TARGET = 17.2;
				LOCALIZATION_PREFERS_STRING_CATALOGS = YES;
				MTL_ENABLE_DEBUG_INFO = NO;
				MTL_FAST_MATH = YES;
				SDKROOT = iphoneos;
				SWIFT_COMPILATION_MODE = wholemodule;
				VALIDATE_PRODUCT = YES;
			};
			name = Release;
		};
		9BBD8D1D2BBC561000A5F295 /* Debug */ = {
			isa = XCBuildConfiguration;
			buildSettings = {
				ASSETCATALOG_COMPILER_APPICON_NAME = AppIcon;
				ASSETCATALOG_COMPILER_GLOBAL_ACCENT_COLOR_NAME = AccentColor;
				CODE_SIGN_STYLE = Automatic;
				CURRENT_PROJECT_VERSION = 1;
				DEVELOPMENT_TEAM = J9VPQW634N;
				GENERATE_INFOPLIST_FILE = YES;
				INFOPLIST_FILE = SwiftUIIntergrationProject/Info.plist;
				INFOPLIST_KEY_UIApplicationSupportsIndirectInputEvents = YES;
				INFOPLIST_KEY_UILaunchStoryboardName = LaunchScreen;
				INFOPLIST_KEY_UIMainStoryboardFile = "";
				INFOPLIST_KEY_UISupportedInterfaceOrientations_iPad = "UIInterfaceOrientationPortrait UIInterfaceOrientationPortraitUpsideDown UIInterfaceOrientationLandscapeLeft UIInterfaceOrientationLandscapeRight";
				INFOPLIST_KEY_UISupportedInterfaceOrientations_iPhone = "UIInterfaceOrientationPortrait UIInterfaceOrientationLandscapeLeft UIInterfaceOrientationLandscapeRight";
				IPHONEOS_DEPLOYMENT_TARGET = 17.2;
				LD_RUNPATH_SEARCH_PATHS = (
					"$(inherited)",
					"@executable_path/Frameworks",
				);
				MARKETING_VERSION = 1.0;
				PRODUCT_BUNDLE_IDENTIFIER = com.salesforce.trailhead.SwiftUIIntergrationProject;
				PRODUCT_NAME = "$(TARGET_NAME)";
				SWIFT_EMIT_LOC_STRINGS = YES;
				SWIFT_VERSION = 5.0;
				TARGETED_DEVICE_FAMILY = "1,2";
			};
			name = Debug;
		};
		9BBD8D1E2BBC561000A5F295 /* Release */ = {
			isa = XCBuildConfiguration;
			buildSettings = {
				ASSETCATALOG_COMPILER_APPICON_NAME = AppIcon;
				ASSETCATALOG_COMPILER_GLOBAL_ACCENT_COLOR_NAME = AccentColor;
				CODE_SIGN_STYLE = Automatic;
				CURRENT_PROJECT_VERSION = 1;
				DEVELOPMENT_TEAM = J9VPQW634N;
				GENERATE_INFOPLIST_FILE = YES;
				INFOPLIST_FILE = SwiftUIIntergrationProject/Info.plist;
				INFOPLIST_KEY_UIApplicationSupportsIndirectInputEvents = YES;
				INFOPLIST_KEY_UILaunchStoryboardName = LaunchScreen;
				INFOPLIST_KEY_UIMainStoryboardFile = "";
				INFOPLIST_KEY_UISupportedInterfaceOrientations_iPad = "UIInterfaceOrientationPortrait UIInterfaceOrientationPortraitUpsideDown UIInterfaceOrientationLandscapeLeft UIInterfaceOrientationLandscapeRight";
				INFOPLIST_KEY_UISupportedInterfaceOrientations_iPhone = "UIInterfaceOrientationPortrait UIInterfaceOrientationLandscapeLeft UIInterfaceOrientationLandscapeRight";
				IPHONEOS_DEPLOYMENT_TARGET = 17.2;
				LD_RUNPATH_SEARCH_PATHS = (
					"$(inherited)",
					"@executable_path/Frameworks",
				);
				MARKETING_VERSION = 1.0;
				PRODUCT_BUNDLE_IDENTIFIER = com.salesforce.trailhead.SwiftUIIntergrationProject;
				PRODUCT_NAME = "$(TARGET_NAME)";
				SWIFT_EMIT_LOC_STRINGS = YES;
				SWIFT_VERSION = 5.0;
				TARGETED_DEVICE_FAMILY = "1,2";
			};
			name = Release;
		};
		9BBD8D202BBC561000A5F295 /* Debug */ = {
			isa = XCBuildConfiguration;
			buildSettings = {
				ALWAYS_EMBED_SWIFT_STANDARD_LIBRARIES = YES;
				BUNDLE_LOADER = "$(TEST_HOST)";
				CODE_SIGN_STYLE = Automatic;
				CURRENT_PROJECT_VERSION = 1;
				DEVELOPMENT_TEAM = J9VPQW634N;
				GENERATE_INFOPLIST_FILE = YES;
				IPHONEOS_DEPLOYMENT_TARGET = 17.2;
				MARKETING_VERSION = 1.0;
				PRODUCT_BUNDLE_IDENTIFIER = com.salesforce.trailhead.SwiftUIIntergrationProjectTests;
				PRODUCT_NAME = "$(TARGET_NAME)";
				SWIFT_EMIT_LOC_STRINGS = NO;
				SWIFT_VERSION = 5.0;
				TARGETED_DEVICE_FAMILY = "1,2";
				TEST_HOST = "$(BUILT_PRODUCTS_DIR)/SwiftUIIntergrationProject.app/$(BUNDLE_EXECUTABLE_FOLDER_PATH)/SwiftUIIntergrationProject";
			};
			name = Debug;
		};
		9BBD8D212BBC561000A5F295 /* Release */ = {
			isa = XCBuildConfiguration;
			buildSettings = {
				ALWAYS_EMBED_SWIFT_STANDARD_LIBRARIES = YES;
				BUNDLE_LOADER = "$(TEST_HOST)";
				CODE_SIGN_STYLE = Automatic;
				CURRENT_PROJECT_VERSION = 1;
				DEVELOPMENT_TEAM = J9VPQW634N;
				GENERATE_INFOPLIST_FILE = YES;
				IPHONEOS_DEPLOYMENT_TARGET = 17.2;
				MARKETING_VERSION = 1.0;
				PRODUCT_BUNDLE_IDENTIFIER = com.salesforce.trailhead.SwiftUIIntergrationProjectTests;
				PRODUCT_NAME = "$(TARGET_NAME)";
				SWIFT_EMIT_LOC_STRINGS = NO;
				SWIFT_VERSION = 5.0;
				TARGETED_DEVICE_FAMILY = "1,2";
				TEST_HOST = "$(BUILT_PRODUCTS_DIR)/SwiftUIIntergrationProject.app/$(BUNDLE_EXECUTABLE_FOLDER_PATH)/SwiftUIIntergrationProject";
			};
			name = Release;
		};
		9BBD8D232BBC561000A5F295 /* Debug */ = {
			isa = XCBuildConfiguration;
			buildSettings = {
				ALWAYS_EMBED_SWIFT_STANDARD_LIBRARIES = YES;
				CODE_SIGN_STYLE = Automatic;
				CURRENT_PROJECT_VERSION = 1;
				DEVELOPMENT_TEAM = J9VPQW634N;
				GENERATE_INFOPLIST_FILE = YES;
				MARKETING_VERSION = 1.0;
				PRODUCT_BUNDLE_IDENTIFIER = com.salesforce.trailhead.SwiftUIIntergrationProjectUITests;
				PRODUCT_NAME = "$(TARGET_NAME)";
				SWIFT_EMIT_LOC_STRINGS = NO;
				SWIFT_VERSION = 5.0;
				TARGETED_DEVICE_FAMILY = "1,2";
				TEST_TARGET_NAME = SwiftUIIntergrationProject;
			};
			name = Debug;
		};
		9BBD8D242BBC561000A5F295 /* Release */ = {
			isa = XCBuildConfiguration;
			buildSettings = {
				ALWAYS_EMBED_SWIFT_STANDARD_LIBRARIES = YES;
				CODE_SIGN_STYLE = Automatic;
				CURRENT_PROJECT_VERSION = 1;
				DEVELOPMENT_TEAM = J9VPQW634N;
				GENERATE_INFOPLIST_FILE = YES;
				MARKETING_VERSION = 1.0;
				PRODUCT_BUNDLE_IDENTIFIER = com.salesforce.trailhead.SwiftUIIntergrationProjectUITests;
				PRODUCT_NAME = "$(TARGET_NAME)";
				SWIFT_EMIT_LOC_STRINGS = NO;
				SWIFT_VERSION = 5.0;
				TARGETED_DEVICE_FAMILY = "1,2";
				TEST_TARGET_NAME = SwiftUIIntergrationProject;
			};
			name = Release;
		};
/* End XCBuildConfiguration section */

/* Begin XCConfigurationList section */
		9BBD8CED2BBC560F00A5F295 /* Build configuration list for PBXProject "SwiftUIIntergrationProject" */ = {
			isa = XCConfigurationList;
			buildConfigurations = (
				9BBD8D1A2BBC561000A5F295 /* Debug */,
				9BBD8D1B2BBC561000A5F295 /* Release */,
			);
			defaultConfigurationIsVisible = 0;
			defaultConfigurationName = Release;
		};
		9BBD8D1C2BBC561000A5F295 /* Build configuration list for PBXNativeTarget "SwiftUIIntergrationProject" */ = {
			isa = XCConfigurationList;
			buildConfigurations = (
				9BBD8D1D2BBC561000A5F295 /* Debug */,
				9BBD8D1E2BBC561000A5F295 /* Release */,
			);
			defaultConfigurationIsVisible = 0;
			defaultConfigurationName = Release;
		};
		9BBD8D1F2BBC561000A5F295 /* Build configuration list for PBXNativeTarget "SwiftUIIntergrationProjectTests" */ = {
			isa = XCConfigurationList;
			buildConfigurations = (
				9BBD8D202BBC561000A5F295 /* Debug */,
				9BBD8D212BBC561000A5F295 /* Release */,
			);
			defaultConfigurationIsVisible = 0;
			defaultConfigurationName = Release;
		};
		9BBD8D222BBC561000A5F295 /* Build configuration list for PBXNativeTarget "SwiftUIIntergrationProjectUITests" */ = {
			isa = XCConfigurationList;
			buildConfigurations = (
				9BBD8D232BBC561000A5F295 /* Debug */,
				9BBD8D242BBC561000A5F295 /* Release */,
			);
			defaultConfigurationIsVisible = 0;
			defaultConfigurationName = Release;
		};
/* End XCConfigurationList section */

/* Begin XCRemoteSwiftPackageReference section */
		9B1FE39F2BC63D6600F0A259 /* XCRemoteSwiftPackageReference "Quick" */ = {
			isa = XCRemoteSwiftPackageReference;
			repositoryURL = "https://github.com/Quick/Quick";
			requirement = {
				kind = upToNextMajorVersion;
				minimumVersion = 7.5.0;
			};
		};
		9B1FE3A22BC63D9100F0A259 /* XCRemoteSwiftPackageReference "Nimble" */ = {
			isa = XCRemoteSwiftPackageReference;
			repositoryURL = "https://github.com/Quick/Nimble";
			requirement = {
				kind = upToNextMajorVersion;
				minimumVersion = 13.3.0;
			};
		};
		9B39401E2D1F4D3100F9F04E /* XCRemoteSwiftPackageReference "swift-navigation" */ = {
			isa = XCRemoteSwiftPackageReference;
			repositoryURL = "https://github.com/pointfreeco/swift-navigation";
			requirement = {
				kind = upToNextMajorVersion;
				minimumVersion = 2.2.3;
			};
		};
		9BBD8D262BBC5B0300A5F295 /* XCRemoteSwiftPackageReference "swiftui-preview-snapshots" */ = {
			isa = XCRemoteSwiftPackageReference;
			repositoryURL = "https://github.com/doordash-oss/swiftui-preview-snapshots";
			requirement = {
				branch = main;
				kind = branch;
			};
		};
		9BBD8D2B2BBC5B3000A5F295 /* XCRemoteSwiftPackageReference "swift-composable-architecture" */ = {
			isa = XCRemoteSwiftPackageReference;
			repositoryURL = "https://github.com/pointfreeco/swift-composable-architecture";
			requirement = {
				kind = upToNextMajorVersion;
				minimumVersion = 1.17.0;
			};
		};
		9BD0A8E12BBE185700953018 /* XCRemoteSwiftPackageReference "SnapKit" */ = {
			isa = XCRemoteSwiftPackageReference;
			repositoryURL = "https://github.com/SnapKit/SnapKit";
			requirement = {
				kind = upToNextMajorVersion;
				minimumVersion = 5.7.1;
			};
		};
		9BD0A8F22BBF9E4200953018 /* XCRemoteSwiftPackageReference "swift-overture" */ = {
			isa = XCRemoteSwiftPackageReference;
			repositoryURL = "https://github.com/pointfreeco/swift-overture";
			requirement = {
				kind = upToNextMajorVersion;
				minimumVersion = 0.5.0;
			};
		};
/* End XCRemoteSwiftPackageReference section */

/* Begin XCSwiftPackageProductDependency section */
		9B1FE3A02BC63D6600F0A259 /* Quick */ = {
			isa = XCSwiftPackageProductDependency;
			package = 9B1FE39F2BC63D6600F0A259 /* XCRemoteSwiftPackageReference "Quick" */;
			productName = Quick;
		};
		9B1FE3A32BC63D9100F0A259 /* Nimble */ = {
			isa = XCSwiftPackageProductDependency;
			package = 9B1FE3A22BC63D9100F0A259 /* XCRemoteSwiftPackageReference "Nimble" */;
			productName = Nimble;
		};
		9B39401F2D1F4D3100F9F04E /* AppKitNavigation */ = {
			isa = XCSwiftPackageProductDependency;
			package = 9B39401E2D1F4D3100F9F04E /* XCRemoteSwiftPackageReference "swift-navigation" */;
			productName = AppKitNavigation;
		};
		9B3940212D1F4D3100F9F04E /* SwiftNavigation */ = {
			isa = XCSwiftPackageProductDependency;
			package = 9B39401E2D1F4D3100F9F04E /* XCRemoteSwiftPackageReference "swift-navigation" */;
			productName = SwiftNavigation;
		};
		9B3940232D1F4D3100F9F04E /* SwiftUINavigation */ = {
			isa = XCSwiftPackageProductDependency;
			package = 9B39401E2D1F4D3100F9F04E /* XCRemoteSwiftPackageReference "swift-navigation" */;
			productName = SwiftUINavigation;
		};
		9B3940252D1F4D3100F9F04E /* UIKitNavigation */ = {
			isa = XCSwiftPackageProductDependency;
			package = 9B39401E2D1F4D3100F9F04E /* XCRemoteSwiftPackageReference "swift-navigation" */;
			productName = UIKitNavigation;
		};
		9B3940282D1F4D5A00F9F04E /* ComposableArchitecture */ = {
			isa = XCSwiftPackageProductDependency;
			package = 9BBD8D2B2BBC5B3000A5F295 /* XCRemoteSwiftPackageReference "swift-composable-architecture" */;
			productName = ComposableArchitecture;
		};
		9B58BFE02D1F4E0E0079C2C0 /* SnapKit */ = {
			isa = XCSwiftPackageProductDependency;
			package = 9BD0A8E12BBE185700953018 /* XCRemoteSwiftPackageReference "SnapKit" */;
			productName = SnapKit;
		};
		9B58BFE22D1F4E1A0079C2C0 /* Overture */ = {
			isa = XCSwiftPackageProductDependency;
			package = 9BD0A8F22BBF9E4200953018 /* XCRemoteSwiftPackageReference "swift-overture" */;
			productName = Overture;
		};
		9B58BFE42D1F4E250079C2C0 /* PreviewSnapshots */ = {
			isa = XCSwiftPackageProductDependency;
			package = 9BBD8D262BBC5B0300A5F295 /* XCRemoteSwiftPackageReference "swiftui-preview-snapshots" */;
			productName = PreviewSnapshots;
		};
		9BBD8D292BBC5B0300A5F295 /* PreviewSnapshotsTesting */ = {
			isa = XCSwiftPackageProductDependency;
			package = 9BBD8D262BBC5B0300A5F295 /* XCRemoteSwiftPackageReference "swiftui-preview-snapshots" */;
			productName = PreviewSnapshotsTesting;
		};
/* End XCSwiftPackageProductDependency section */
	};
	rootObject = 9BBD8CEA2BBC560F00A5F295 /* Project object */;
}
