// !$*UTF8*$!
{
	archiveVersion = 1;
	classes = {
	};
	objectVersion = 56;
	objects = {

/* Begin PBXBuildFile section */
		9B1FE3622BC0946300F0A259 /* LoadCriteria.swift in Sources */ = {isa = PBXBuildFile; fileRef = 9B1FE3612BC0946300F0A259 /* LoadCriteria.swift */; };
		9B1FE3652BC0A09200F0A259 /* Addresses.swift in Sources */ = {isa = PBXBuildFile; fileRef = 9B1FE3642BC0A09200F0A259 /* Addresses.swift */; };
		9B1FE3672BC0A0FD00F0A259 /* AddressService.swift in Sources */ = {isa = PBXBuildFile; fileRef = 9B1FE3662BC0A0FD00F0A259 /* AddressService.swift */; };
		9B1FE3692BC0EE0500F0A259 /* ForecastDisplayData.swift in Sources */ = {isa = PBXBuildFile; fileRef = 9B1FE3682BC0EE0500F0A259 /* ForecastDisplayData.swift */; };
		9B1FE36B2BC497EA00F0A259 /* Environment.swift in Sources */ = {isa = PBXBuildFile; fileRef = 9B1FE36A2BC497EA00F0A259 /* Environment.swift */; };
		9B1FE36E2BC4990400F0A259 /* BaseViewController.swift in Sources */ = {isa = PBXBuildFile; fileRef = 9B1FE36D2BC4990400F0A259 /* BaseViewController.swift */; };
		9B1FE3702BC4996C00F0A259 /* Functions.swift in Sources */ = {isa = PBXBuildFile; fileRef = 9B1FE36F2BC4996C00F0A259 /* Functions.swift */; };
		9B1FE3722BC49B2F00F0A259 /* BaseDataViewModelInput.swift in Sources */ = {isa = PBXBuildFile; fileRef = 9B1FE3712BC49B2F00F0A259 /* BaseDataViewModelInput.swift */; };
		9B1FE3742BC49BAE00F0A259 /* CurrentWeatherDisplayData.swift in Sources */ = {isa = PBXBuildFile; fileRef = 9B1FE3732BC49BAE00F0A259 /* CurrentWeatherDisplayData.swift */; };
		9B1FE3762BC49BD000F0A259 /* WeatherDisplayData.swift in Sources */ = {isa = PBXBuildFile; fileRef = 9B1FE3752BC49BD000F0A259 /* WeatherDisplayData.swift */; };
		9B1FE3782BC4CD1200F0A259 /* Reactive+UIKit.swift in Sources */ = {isa = PBXBuildFile; fileRef = 9B1FE3772BC4CD1200F0A259 /* Reactive+UIKit.swift */; };
		9B1FE37B2BC4D50600F0A259 /* WeatherSectionHeader.swift in Sources */ = {isa = PBXBuildFile; fileRef = 9B1FE37A2BC4D50500F0A259 /* WeatherSectionHeader.swift */; };
		9B1FE37D2BC4D52F00F0A259 /* WeatherForecastCell.swift in Sources */ = {isa = PBXBuildFile; fileRef = 9B1FE37C2BC4D52F00F0A259 /* WeatherForecastCell.swift */; };
		9B1FE37F2BC4D59600F0A259 /* Reusable.swift in Sources */ = {isa = PBXBuildFile; fileRef = 9B1FE37E2BC4D59600F0A259 /* Reusable.swift */; };
		9B1FE3812BC4FDC600F0A259 /* LoadingViewUIKit.swift in Sources */ = {isa = PBXBuildFile; fileRef = 9B1FE3802BC4FDC600F0A259 /* LoadingViewUIKit.swift */; };
		9B1FE3832BC5001600F0A259 /* UITableView.swift in Sources */ = {isa = PBXBuildFile; fileRef = 9B1FE3822BC5001600F0A259 /* UITableView.swift */; };
		9B1FE3862BC507C400F0A259 /* SwiftUIMixView.swift in Sources */ = {isa = PBXBuildFile; fileRef = 9B1FE3852BC507C400F0A259 /* SwiftUIMixView.swift */; };
		9B1FE3882BC5C7B800F0A259 /* WeatherSelectorHeaderView.swift in Sources */ = {isa = PBXBuildFile; fileRef = 9B1FE3872BC5C7B800F0A259 /* WeatherSelectorHeaderView.swift */; };
		9B1FE38A2BC5CD3600F0A259 /* SwiftUIMixViewModel.swift in Sources */ = {isa = PBXBuildFile; fileRef = 9B1FE3892BC5CD3600F0A259 /* SwiftUIMixViewModel.swift */; };
		9B1FE38C2BC5CD7700F0A259 /* ViewDataState.swift in Sources */ = {isa = PBXBuildFile; fileRef = 9B1FE38B2BC5CD7700F0A259 /* ViewDataState.swift */; };
		9B1FE38E2BC5D63200F0A259 /* SwiftUIMixController.swift in Sources */ = {isa = PBXBuildFile; fileRef = 9B1FE38D2BC5D63200F0A259 /* SwiftUIMixController.swift */; };
		9B1FE3912BC5D68500F0A259 /* OnLoad.swift in Sources */ = {isa = PBXBuildFile; fileRef = 9B1FE3902BC5D68500F0A259 /* OnLoad.swift */; };
		9B1FE3932BC5DAB700F0A259 /* CurrentWeatherDisplayDataMock.swift in Sources */ = {isa = PBXBuildFile; fileRef = 9B1FE3922BC5DAB700F0A259 /* CurrentWeatherDisplayDataMock.swift */; };
		9B1FE3952BC5DC2800F0A259 /* ForecastDisplayDataMock.swift in Sources */ = {isa = PBXBuildFile; fileRef = 9B1FE3942BC5DC2800F0A259 /* ForecastDisplayDataMock.swift */; };
		9B1FE3982BC5DFC000F0A259 /* CurrentWeatherView.swift in Sources */ = {isa = PBXBuildFile; fileRef = 9B1FE3972BC5DFC000F0A259 /* CurrentWeatherView.swift */; };
		9B1FE39A2BC6352D00F0A259 /* ForecastWeatherView.swift in Sources */ = {isa = PBXBuildFile; fileRef = 9B1FE3992BC6352D00F0A259 /* ForecastWeatherView.swift */; };
		9B1FE39C2BC6369700F0A259 /* ReadSize.swift in Sources */ = {isa = PBXBuildFile; fileRef = 9B1FE39B2BC6369700F0A259 /* ReadSize.swift */; };
		9B1FE39E2BC63A7F00F0A259 /* LoadingSectionView.swift in Sources */ = {isa = PBXBuildFile; fileRef = 9B1FE39D2BC63A7F00F0A259 /* LoadingSectionView.swift */; };
		9B1FE3A12BC63D6600F0A259 /* Quick in Frameworks */ = {isa = PBXBuildFile; productRef = 9B1FE3A02BC63D6600F0A259 /* Quick */; };
		9B1FE3A42BC63D9100F0A259 /* Nimble in Frameworks */ = {isa = PBXBuildFile; productRef = 9B1FE3A32BC63D9100F0A259 /* Nimble */; };
		9B1FE3A62BC63E1B00F0A259 /* WeatherServiceMock.swift in Sources */ = {isa = PBXBuildFile; fileRef = 9B1FE3A52BC63E1B00F0A259 /* WeatherServiceMock.swift */; };
		9B1FE3A92BC63F0300F0A259 /* EnvironmentMock.swift in Sources */ = {isa = PBXBuildFile; fileRef = 9B1FE3A72BC63EB500F0A259 /* EnvironmentMock.swift */; };
		9B1FE3AC2BC6F49600F0A259 /* WeatherServiceCombine.swift in Sources */ = {isa = PBXBuildFile; fileRef = 9B1FE3AB2BC6F49600F0A259 /* WeatherServiceCombine.swift */; };
		9B1FE3AE2BC6F4B000F0A259 /* WeatherServiceURL.swift in Sources */ = {isa = PBXBuildFile; fileRef = 9B1FE3AD2BC6F4B000F0A259 /* WeatherServiceURL.swift */; };
		9B1FE3B02BC6FE0F00F0A259 /* WeatherStore.swift in Sources */ = {isa = PBXBuildFile; fileRef = 9B1FE3AF2BC6FE0F00F0A259 /* WeatherStore.swift */; };
		9B1FE3B22BC722EF00F0A259 /* ComposableView.swift in Sources */ = {isa = PBXBuildFile; fileRef = 9B1FE3B12BC722EF00F0A259 /* ComposableView.swift */; };
		9B1FE3B42BC7271500F0A259 /* WeatherComposableController.swift in Sources */ = {isa = PBXBuildFile; fileRef = 9B1FE3B32BC7271500F0A259 /* WeatherComposableController.swift */; };
		9B652A0F2BC84ECD0038ADFC /* UIKitReactiveSnapshotTests.swift in Sources */ = {isa = PBXBuildFile; fileRef = 9B652A0E2BC84ECD0038ADFC /* UIKitReactiveSnapshotTests.swift */; };
		9B652A112BC851400038ADFC /* ForecastWeatherViewSnapshotTests.swift in Sources */ = {isa = PBXBuildFile; fileRef = 9B652A102BC851400038ADFC /* ForecastWeatherViewSnapshotTests.swift */; };
		9B652A132BC851950038ADFC /* CurrentWeatherViewSnapshotTests.swift in Sources */ = {isa = PBXBuildFile; fileRef = 9B652A122BC851950038ADFC /* CurrentWeatherViewSnapshotTests.swift */; };
		9B652A152BC851E10038ADFC /* WeatherStoreTests.swift in Sources */ = {isa = PBXBuildFile; fileRef = 9B652A142BC851E10038ADFC /* WeatherStoreTests.swift */; };
		9B7651D12BEF1C5A009CCC56 /* Double+Extensions.swift in Sources */ = {isa = PBXBuildFile; fileRef = 9B7651D02BEF1C5A009CCC56 /* Double+Extensions.swift */; };
		9B93EACF2C0537620015D1D3 /* InfiniteLoadingController.swift in Sources */ = {isa = PBXBuildFile; fileRef = 9B93EACE2C0537620015D1D3 /* InfiniteLoadingController.swift */; };
		9B93EAD32C0538590015D1D3 /* InfiniteContentView.swift in Sources */ = {isa = PBXBuildFile; fileRef = 9B93EAD22C0538590015D1D3 /* InfiniteContentView.swift */; };
		9B93EAD52C053B350015D1D3 /* InfiniteLoadingView.swift in Sources */ = {isa = PBXBuildFile; fileRef = 9B93EAD42C053B350015D1D3 /* InfiniteLoadingView.swift */; };
		9B93EAD82C0540FB0015D1D3 /* InfiniteContentStore.swift in Sources */ = {isa = PBXBuildFile; fileRef = 9B93EAD72C0540FB0015D1D3 /* InfiniteContentStore.swift */; };
		9B93EADA2C0541080015D1D3 /* InfiniteContentService.swift in Sources */ = {isa = PBXBuildFile; fileRef = 9B93EAD92C0541080015D1D3 /* InfiniteContentService.swift */; };
		9B93EADC2C05418C0015D1D3 /* ContentModel.swift in Sources */ = {isa = PBXBuildFile; fileRef = 9B93EADB2C05418C0015D1D3 /* ContentModel.swift */; };
		9B98F4702BCDE517008B5876 /* ListWeatherView.swift in Sources */ = {isa = PBXBuildFile; fileRef = 9B98F46F2BCDE517008B5876 /* ListWeatherView.swift */; };
		9B98F4722BCDE523008B5876 /* ListWeatherStore.swift in Sources */ = {isa = PBXBuildFile; fileRef = 9B98F4712BCDE523008B5876 /* ListWeatherStore.swift */; };
		9B98F4742BCEDB57008B5876 /* HostControllerDelegate.swift in Sources */ = {isa = PBXBuildFile; fileRef = 9B98F4732BCEDB57008B5876 /* HostControllerDelegate.swift */; };
		9BAA25752BC77BE400AA42B3 /* ReactiveSwiftViewModelTests.swift in Sources */ = {isa = PBXBuildFile; fileRef = 9BAA25742BC77BE400AA42B3 /* ReactiveSwiftViewModelTests.swift */; };
		9BAA25772BC77D6B00AA42B3 /* TestObserver.swift in Sources */ = {isa = PBXBuildFile; fileRef = 9BAA25762BC77D6B00AA42B3 /* TestObserver.swift */; };
		9BAA25792BC7815F00AA42B3 /* AddressServiceMock.swift in Sources */ = {isa = PBXBuildFile; fileRef = 9BAA25782BC7815F00AA42B3 /* AddressServiceMock.swift */; };
		9BAA257B2BC7842900AA42B3 /* MixViewModelTests.swift in Sources */ = {isa = PBXBuildFile; fileRef = 9BAA257A2BC7842900AA42B3 /* MixViewModelTests.swift */; };
		9BBD8CF62BBC560F00A5F295 /* AppDelegate.swift in Sources */ = {isa = PBXBuildFile; fileRef = 9BBD8CF52BBC560F00A5F295 /* AppDelegate.swift */; };
		9BBD8CF82BBC560F00A5F295 /* SceneDelegate.swift in Sources */ = {isa = PBXBuildFile; fileRef = 9BBD8CF72BBC560F00A5F295 /* SceneDelegate.swift */; };
		9BBD8CFA2BBC560F00A5F295 /* ViewController.swift in Sources */ = {isa = PBXBuildFile; fileRef = 9BBD8CF92BBC560F00A5F295 /* ViewController.swift */; };
		9BBD8CFF2BBC561000A5F295 /* Assets.xcassets in Resources */ = {isa = PBXBuildFile; fileRef = 9BBD8CFE2BBC561000A5F295 /* Assets.xcassets */; };
		9BBD8D022BBC561000A5F295 /* LaunchScreen.storyboard in Resources */ = {isa = PBXBuildFile; fileRef = 9BBD8D002BBC561000A5F295 /* LaunchScreen.storyboard */; };
		9BBD8D0D2BBC561000A5F295 /* SwiftUIIntergrationProjectTests.swift in Sources */ = {isa = PBXBuildFile; fileRef = 9BBD8D0C2BBC561000A5F295 /* SwiftUIIntergrationProjectTests.swift */; };
		9BBD8D172BBC561000A5F295 /* SwiftUIIntergrationProjectUITests.swift in Sources */ = {isa = PBXBuildFile; fileRef = 9BBD8D162BBC561000A5F295 /* SwiftUIIntergrationProjectUITests.swift */; };
		9BBD8D192BBC561000A5F295 /* SwiftUIIntergrationProjectUITestsLaunchTests.swift in Sources */ = {isa = PBXBuildFile; fileRef = 9BBD8D182BBC561000A5F295 /* SwiftUIIntergrationProjectUITestsLaunchTests.swift */; };
		9BBD8D282BBC5B0300A5F295 /* PreviewSnapshots in Frameworks */ = {isa = PBXBuildFile; productRef = 9BBD8D272BBC5B0300A5F295 /* PreviewSnapshots */; };
		9BBD8D2A2BBC5B0300A5F295 /* PreviewSnapshotsTesting in Frameworks */ = {isa = PBXBuildFile; productRef = 9BBD8D292BBC5B0300A5F295 /* PreviewSnapshotsTesting */; };
		9BBD8D2D2BBC5B3000A5F295 /* ComposableArchitecture in Frameworks */ = {isa = PBXBuildFile; productRef = 9BBD8D2C2BBC5B3000A5F295 /* ComposableArchitecture */; };
		9BD0A8E32BBE185700953018 /* SnapKit in Frameworks */ = {isa = PBXBuildFile; productRef = 9BD0A8E22BBE185700953018 /* SnapKit */; };
		9BD0A8EB2BBE1A4400953018 /* OpenWeatherAPIKey.swift in Sources */ = {isa = PBXBuildFile; fileRef = 9BD0A8EA2BBE1A4400953018 /* OpenWeatherAPIKey.swift */; };
		9BD0A8ED2BBE1C7100953018 /* MainMenuView.swift in Sources */ = {isa = PBXBuildFile; fileRef = 9BD0A8EC2BBE1C7100953018 /* MainMenuView.swift */; };
		9BD0A8F02BBF996F00953018 /* CGFloat+Extensions.swift in Sources */ = {isa = PBXBuildFile; fileRef = 9BD0A8EF2BBF996F00953018 /* CGFloat+Extensions.swift */; };
		9BD0A8F42BBF9E4200953018 /* Overture in Frameworks */ = {isa = PBXBuildFile; productRef = 9BD0A8F32BBF9E4200953018 /* Overture */; };
		9BD0A8F72BBF9F5400953018 /* ReactiveSwift in Frameworks */ = {isa = PBXBuildFile; productRef = 9BD0A8F62BBF9F5400953018 /* ReactiveSwift */; };
		9BD0A8FA2BBFA01400953018 /* ReactiveCocoa in Frameworks */ = {isa = PBXBuildFile; productRef = 9BD0A8F92BBFA01400953018 /* ReactiveCocoa */; };
		9BD0A8FC2BBFA02800953018 /* ReactiveSwift+Extensions.swift in Sources */ = {isa = PBXBuildFile; fileRef = 9BD0A8FB2BBFA02800953018 /* ReactiveSwift+Extensions.swift */; };
		9BD0A8FF2BBFA8DE00953018 /* NavigationHandler.swift in Sources */ = {isa = PBXBuildFile; fileRef = 9BD0A8FE2BBFA8DE00953018 /* NavigationHandler.swift */; };
		9BD0A9022BC08ADA00953018 /* UIKitReactiveController.swift in Sources */ = {isa = PBXBuildFile; fileRef = 9BD0A9012BC08ADA00953018 /* UIKitReactiveController.swift */; };
		9BD0A9042BC08C2C00953018 /* ReactiveSwiftViewModel.swift in Sources */ = {isa = PBXBuildFile; fileRef = 9BD0A9032BC08C2C00953018 /* ReactiveSwiftViewModel.swift */; };
		9BD0A9072BC08CFB00953018 /* WeatherServiceReactive.swift in Sources */ = {isa = PBXBuildFile; fileRef = 9BD0A9062BC08CFB00953018 /* WeatherServiceReactive.swift */; };
		9BD981222BC739C10075ED8B /* GrowingButton.swift in Sources */ = {isa = PBXBuildFile; fileRef = 9BD981212BC739C10075ED8B /* GrowingButton.swift */; };
/* End PBXBuildFile section */

/* Begin PBXContainerItemProxy section */
		9BBD8D092BBC561000A5F295 /* PBXContainerItemProxy */ = {
			isa = PBXContainerItemProxy;
			containerPortal = 9BBD8CEA2BBC560F00A5F295 /* Project object */;
			proxyType = 1;
			remoteGlobalIDString = 9BBD8CF12BBC560F00A5F295;
			remoteInfo = SwiftUIIntergrationProject;
		};
		9BBD8D132BBC561000A5F295 /* PBXContainerItemProxy */ = {
			isa = PBXContainerItemProxy;
			containerPortal = 9BBD8CEA2BBC560F00A5F295 /* Project object */;
			proxyType = 1;
			remoteGlobalIDString = 9BBD8CF12BBC560F00A5F295;
			remoteInfo = SwiftUIIntergrationProject;
		};
/* End PBXContainerItemProxy section */

/* Begin PBXFileReference section */
		9B1FE3612BC0946300F0A259 /* LoadCriteria.swift */ = {isa = PBXFileReference; lastKnownFileType = sourcecode.swift; path = LoadCriteria.swift; sourceTree = "<group>"; };
		9B1FE3642BC0A09200F0A259 /* Addresses.swift */ = {isa = PBXFileReference; lastKnownFileType = sourcecode.swift; path = Addresses.swift; sourceTree = "<group>"; };
		9B1FE3662BC0A0FD00F0A259 /* AddressService.swift */ = {isa = PBXFileReference; lastKnownFileType = sourcecode.swift; path = AddressService.swift; sourceTree = "<group>"; xcLanguageSpecificationIdentifier = xcode.lang.swift; };
		9B1FE3682BC0EE0500F0A259 /* ForecastDisplayData.swift */ = {isa = PBXFileReference; lastKnownFileType = sourcecode.swift; path = ForecastDisplayData.swift; sourceTree = "<group>"; };
		9B1FE36A2BC497EA00F0A259 /* Environment.swift */ = {isa = PBXFileReference; lastKnownFileType = sourcecode.swift; path = Environment.swift; sourceTree = "<group>"; };
		9B1FE36D2BC4990400F0A259 /* BaseViewController.swift */ = {isa = PBXFileReference; lastKnownFileType = sourcecode.swift; path = BaseViewController.swift; sourceTree = "<group>"; };
		9B1FE36F2BC4996C00F0A259 /* Functions.swift */ = {isa = PBXFileReference; lastKnownFileType = sourcecode.swift; path = Functions.swift; sourceTree = "<group>"; };
		9B1FE3712BC49B2F00F0A259 /* BaseDataViewModelInput.swift */ = {isa = PBXFileReference; lastKnownFileType = sourcecode.swift; path = BaseDataViewModelInput.swift; sourceTree = "<group>"; };
		9B1FE3732BC49BAE00F0A259 /* CurrentWeatherDisplayData.swift */ = {isa = PBXFileReference; lastKnownFileType = sourcecode.swift; path = CurrentWeatherDisplayData.swift; sourceTree = "<group>"; };
		9B1FE3752BC49BD000F0A259 /* WeatherDisplayData.swift */ = {isa = PBXFileReference; lastKnownFileType = sourcecode.swift; path = WeatherDisplayData.swift; sourceTree = "<group>"; };
		9B1FE3772BC4CD1200F0A259 /* Reactive+UIKit.swift */ = {isa = PBXFileReference; lastKnownFileType = sourcecode.swift; path = "Reactive+UIKit.swift"; sourceTree = "<group>"; };
		9B1FE37A2BC4D50500F0A259 /* WeatherSectionHeader.swift */ = {isa = PBXFileReference; lastKnownFileType = sourcecode.swift; path = WeatherSectionHeader.swift; sourceTree = "<group>"; };
		9B1FE37C2BC4D52F00F0A259 /* WeatherForecastCell.swift */ = {isa = PBXFileReference; lastKnownFileType = sourcecode.swift; path = WeatherForecastCell.swift; sourceTree = "<group>"; };
		9B1FE37E2BC4D59600F0A259 /* Reusable.swift */ = {isa = PBXFileReference; lastKnownFileType = sourcecode.swift; path = Reusable.swift; sourceTree = "<group>"; };
		9B1FE3802BC4FDC600F0A259 /* LoadingViewUIKit.swift */ = {isa = PBXFileReference; lastKnownFileType = sourcecode.swift; path = LoadingViewUIKit.swift; sourceTree = "<group>"; };
		9B1FE3822BC5001600F0A259 /* UITableView.swift */ = {isa = PBXFileReference; lastKnownFileType = sourcecode.swift; path = UITableView.swift; sourceTree = "<group>"; };
		9B1FE3852BC507C400F0A259 /* SwiftUIMixView.swift */ = {isa = PBXFileReference; lastKnownFileType = sourcecode.swift; path = SwiftUIMixView.swift; sourceTree = "<group>"; };
		9B1FE3872BC5C7B800F0A259 /* WeatherSelectorHeaderView.swift */ = {isa = PBXFileReference; lastKnownFileType = sourcecode.swift; path = WeatherSelectorHeaderView.swift; sourceTree = "<group>"; };
		9B1FE3892BC5CD3600F0A259 /* SwiftUIMixViewModel.swift */ = {isa = PBXFileReference; lastKnownFileType = sourcecode.swift; path = SwiftUIMixViewModel.swift; sourceTree = "<group>"; };
		9B1FE38B2BC5CD7700F0A259 /* ViewDataState.swift */ = {isa = PBXFileReference; lastKnownFileType = sourcecode.swift; path = ViewDataState.swift; sourceTree = "<group>"; };
		9B1FE38D2BC5D63200F0A259 /* SwiftUIMixController.swift */ = {isa = PBXFileReference; lastKnownFileType = sourcecode.swift; path = SwiftUIMixController.swift; sourceTree = "<group>"; };
		9B1FE3902BC5D68500F0A259 /* OnLoad.swift */ = {isa = PBXFileReference; lastKnownFileType = sourcecode.swift; path = OnLoad.swift; sourceTree = "<group>"; };
		9B1FE3922BC5DAB700F0A259 /* CurrentWeatherDisplayDataMock.swift */ = {isa = PBXFileReference; lastKnownFileType = sourcecode.swift; path = CurrentWeatherDisplayDataMock.swift; sourceTree = "<group>"; };
		9B1FE3942BC5DC2800F0A259 /* ForecastDisplayDataMock.swift */ = {isa = PBXFileReference; lastKnownFileType = sourcecode.swift; path = ForecastDisplayDataMock.swift; sourceTree = "<group>"; };
		9B1FE3972BC5DFC000F0A259 /* CurrentWeatherView.swift */ = {isa = PBXFileReference; lastKnownFileType = sourcecode.swift; path = CurrentWeatherView.swift; sourceTree = "<group>"; };
		9B1FE3992BC6352D00F0A259 /* ForecastWeatherView.swift */ = {isa = PBXFileReference; lastKnownFileType = sourcecode.swift; path = ForecastWeatherView.swift; sourceTree = "<group>"; };
		9B1FE39B2BC6369700F0A259 /* ReadSize.swift */ = {isa = PBXFileReference; lastKnownFileType = sourcecode.swift; path = ReadSize.swift; sourceTree = "<group>"; };
		9B1FE39D2BC63A7F00F0A259 /* LoadingSectionView.swift */ = {isa = PBXFileReference; lastKnownFileType = sourcecode.swift; path = LoadingSectionView.swift; sourceTree = "<group>"; };
		9B1FE3A52BC63E1B00F0A259 /* WeatherServiceMock.swift */ = {isa = PBXFileReference; lastKnownFileType = sourcecode.swift; path = WeatherServiceMock.swift; sourceTree = "<group>"; };
		9B1FE3A72BC63EB500F0A259 /* EnvironmentMock.swift */ = {isa = PBXFileReference; lastKnownFileType = sourcecode.swift; path = EnvironmentMock.swift; sourceTree = "<group>"; };
		9B1FE3AB2BC6F49600F0A259 /* WeatherServiceCombine.swift */ = {isa = PBXFileReference; lastKnownFileType = sourcecode.swift; path = WeatherServiceCombine.swift; sourceTree = "<group>"; };
		9B1FE3AD2BC6F4B000F0A259 /* WeatherServiceURL.swift */ = {isa = PBXFileReference; lastKnownFileType = sourcecode.swift; path = WeatherServiceURL.swift; sourceTree = "<group>"; };
		9B1FE3AF2BC6FE0F00F0A259 /* WeatherStore.swift */ = {isa = PBXFileReference; lastKnownFileType = sourcecode.swift; path = WeatherStore.swift; sourceTree = "<group>"; };
		9B1FE3B12BC722EF00F0A259 /* ComposableView.swift */ = {isa = PBXFileReference; lastKnownFileType = sourcecode.swift; path = ComposableView.swift; sourceTree = "<group>"; };
		9B1FE3B32BC7271500F0A259 /* WeatherComposableController.swift */ = {isa = PBXFileReference; lastKnownFileType = sourcecode.swift; path = WeatherComposableController.swift; sourceTree = "<group>"; };
		9B652A0E2BC84ECD0038ADFC /* UIKitReactiveSnapshotTests.swift */ = {isa = PBXFileReference; lastKnownFileType = sourcecode.swift; path = UIKitReactiveSnapshotTests.swift; sourceTree = "<group>"; };
		9B652A102BC851400038ADFC /* ForecastWeatherViewSnapshotTests.swift */ = {isa = PBXFileReference; lastKnownFileType = sourcecode.swift; path = ForecastWeatherViewSnapshotTests.swift; sourceTree = "<group>"; };
		9B652A122BC851950038ADFC /* CurrentWeatherViewSnapshotTests.swift */ = {isa = PBXFileReference; lastKnownFileType = sourcecode.swift; path = CurrentWeatherViewSnapshotTests.swift; sourceTree = "<group>"; };
		9B652A142BC851E10038ADFC /* WeatherStoreTests.swift */ = {isa = PBXFileReference; lastKnownFileType = sourcecode.swift; path = WeatherStoreTests.swift; sourceTree = "<group>"; };
		9B7651D02BEF1C5A009CCC56 /* Double+Extensions.swift */ = {isa = PBXFileReference; lastKnownFileType = sourcecode.swift; path = "Double+Extensions.swift"; sourceTree = "<group>"; };
		9B93EACE2C0537620015D1D3 /* InfiniteLoadingController.swift */ = {isa = PBXFileReference; lastKnownFileType = sourcecode.swift; path = InfiniteLoadingController.swift; sourceTree = "<group>"; };
		9B93EAD22C0538590015D1D3 /* InfiniteContentView.swift */ = {isa = PBXFileReference; lastKnownFileType = sourcecode.swift; path = InfiniteContentView.swift; sourceTree = "<group>"; };
		9B93EAD42C053B350015D1D3 /* InfiniteLoadingView.swift */ = {isa = PBXFileReference; lastKnownFileType = sourcecode.swift; path = InfiniteLoadingView.swift; sourceTree = "<group>"; };
		9B93EAD72C0540FB0015D1D3 /* InfiniteContentStore.swift */ = {isa = PBXFileReference; lastKnownFileType = sourcecode.swift; path = InfiniteContentStore.swift; sourceTree = "<group>"; };
		9B93EAD92C0541080015D1D3 /* InfiniteContentService.swift */ = {isa = PBXFileReference; lastKnownFileType = sourcecode.swift; path = InfiniteContentService.swift; sourceTree = "<group>"; };
		9B93EADB2C05418C0015D1D3 /* ContentModel.swift */ = {isa = PBXFileReference; lastKnownFileType = sourcecode.swift; path = ContentModel.swift; sourceTree = "<group>"; };
		9B98F46F2BCDE517008B5876 /* ListWeatherView.swift */ = {isa = PBXFileReference; lastKnownFileType = sourcecode.swift; path = ListWeatherView.swift; sourceTree = "<group>"; };
		9B98F4712BCDE523008B5876 /* ListWeatherStore.swift */ = {isa = PBXFileReference; lastKnownFileType = sourcecode.swift; path = ListWeatherStore.swift; sourceTree = "<group>"; };
		9B98F4732BCEDB57008B5876 /* HostControllerDelegate.swift */ = {isa = PBXFileReference; lastKnownFileType = sourcecode.swift; path = HostControllerDelegate.swift; sourceTree = "<group>"; };
		9BAA25742BC77BE400AA42B3 /* ReactiveSwiftViewModelTests.swift */ = {isa = PBXFileReference; lastKnownFileType = sourcecode.swift; path = ReactiveSwiftViewModelTests.swift; sourceTree = "<group>"; };
		9BAA25762BC77D6B00AA42B3 /* TestObserver.swift */ = {isa = PBXFileReference; lastKnownFileType = sourcecode.swift; path = TestObserver.swift; sourceTree = "<group>"; };
		9BAA25782BC7815F00AA42B3 /* AddressServiceMock.swift */ = {isa = PBXFileReference; lastKnownFileType = sourcecode.swift; path = AddressServiceMock.swift; sourceTree = "<group>"; };
		9BAA257A2BC7842900AA42B3 /* MixViewModelTests.swift */ = {isa = PBXFileReference; lastKnownFileType = sourcecode.swift; path = MixViewModelTests.swift; sourceTree = "<group>"; };
		9BBD8CF22BBC560F00A5F295 /* SwiftUIIntergrationProject.app */ = {isa = PBXFileReference; explicitFileType = wrapper.application; includeInIndex = 0; path = SwiftUIIntergrationProject.app; sourceTree = BUILT_PRODUCTS_DIR; };
		9BBD8CF52BBC560F00A5F295 /* AppDelegate.swift */ = {isa = PBXFileReference; lastKnownFileType = sourcecode.swift; path = AppDelegate.swift; sourceTree = "<group>"; };
		9BBD8CF72BBC560F00A5F295 /* SceneDelegate.swift */ = {isa = PBXFileReference; lastKnownFileType = sourcecode.swift; path = SceneDelegate.swift; sourceTree = "<group>"; };
		9BBD8CF92BBC560F00A5F295 /* ViewController.swift */ = {isa = PBXFileReference; lastKnownFileType = sourcecode.swift; path = ViewController.swift; sourceTree = "<group>"; };
		9BBD8CFE2BBC561000A5F295 /* Assets.xcassets */ = {isa = PBXFileReference; lastKnownFileType = folder.assetcatalog; path = Assets.xcassets; sourceTree = "<group>"; };
		9BBD8D012BBC561000A5F295 /* Base */ = {isa = PBXFileReference; lastKnownFileType = file.storyboard; name = Base; path = Base.lproj/LaunchScreen.storyboard; sourceTree = "<group>"; };
		9BBD8D032BBC561000A5F295 /* Info.plist */ = {isa = PBXFileReference; lastKnownFileType = text.plist.xml; path = Info.plist; sourceTree = "<group>"; };
		9BBD8D082BBC561000A5F295 /* SwiftUIIntergrationProjectTests.xctest */ = {isa = PBXFileReference; explicitFileType = wrapper.cfbundle; includeInIndex = 0; path = SwiftUIIntergrationProjectTests.xctest; sourceTree = BUILT_PRODUCTS_DIR; };
		9BBD8D0C2BBC561000A5F295 /* SwiftUIIntergrationProjectTests.swift */ = {isa = PBXFileReference; lastKnownFileType = sourcecode.swift; path = SwiftUIIntergrationProjectTests.swift; sourceTree = "<group>"; };
		9BBD8D122BBC561000A5F295 /* SwiftUIIntergrationProjectUITests.xctest */ = {isa = PBXFileReference; explicitFileType = wrapper.cfbundle; includeInIndex = 0; path = SwiftUIIntergrationProjectUITests.xctest; sourceTree = BUILT_PRODUCTS_DIR; };
		9BBD8D162BBC561000A5F295 /* SwiftUIIntergrationProjectUITests.swift */ = {isa = PBXFileReference; lastKnownFileType = sourcecode.swift; path = SwiftUIIntergrationProjectUITests.swift; sourceTree = "<group>"; };
		9BBD8D182BBC561000A5F295 /* SwiftUIIntergrationProjectUITestsLaunchTests.swift */ = {isa = PBXFileReference; lastKnownFileType = sourcecode.swift; path = SwiftUIIntergrationProjectUITestsLaunchTests.swift; sourceTree = "<group>"; };
		9BD0A8EA2BBE1A4400953018 /* OpenWeatherAPIKey.swift */ = {isa = PBXFileReference; lastKnownFileType = sourcecode.swift; path = OpenWeatherAPIKey.swift; sourceTree = "<group>"; };
		9BD0A8EC2BBE1C7100953018 /* MainMenuView.swift */ = {isa = PBXFileReference; lastKnownFileType = sourcecode.swift; path = MainMenuView.swift; sourceTree = "<group>"; };
		9BD0A8EF2BBF996F00953018 /* CGFloat+Extensions.swift */ = {isa = PBXFileReference; lastKnownFileType = sourcecode.swift; path = "CGFloat+Extensions.swift"; sourceTree = "<group>"; };
		9BD0A8FB2BBFA02800953018 /* ReactiveSwift+Extensions.swift */ = {isa = PBXFileReference; lastKnownFileType = sourcecode.swift; path = "ReactiveSwift+Extensions.swift"; sourceTree = "<group>"; };
		9BD0A8FE2BBFA8DE00953018 /* NavigationHandler.swift */ = {isa = PBXFileReference; lastKnownFileType = sourcecode.swift; path = NavigationHandler.swift; sourceTree = "<group>"; };
		9BD0A9012BC08ADA00953018 /* UIKitReactiveController.swift */ = {isa = PBXFileReference; lastKnownFileType = sourcecode.swift; path = UIKitReactiveController.swift; sourceTree = "<group>"; };
		9BD0A9032BC08C2C00953018 /* ReactiveSwiftViewModel.swift */ = {isa = PBXFileReference; lastKnownFileType = sourcecode.swift; path = ReactiveSwiftViewModel.swift; sourceTree = "<group>"; };
		9BD0A9062BC08CFB00953018 /* WeatherServiceReactive.swift */ = {isa = PBXFileReference; lastKnownFileType = sourcecode.swift; path = WeatherServiceReactive.swift; sourceTree = "<group>"; };
		9BD981212BC739C10075ED8B /* GrowingButton.swift */ = {isa = PBXFileReference; lastKnownFileType = sourcecode.swift; path = GrowingButton.swift; sourceTree = "<group>"; };
/* End PBXFileReference section */

/* Begin PBXFrameworksBuildPhase section */
		9BBD8CEF2BBC560F00A5F295 /* Frameworks */ = {
			isa = PBXFrameworksBuildPhase;
			buildActionMask = 2147483647;
			files = (
				9BD0A8F42BBF9E4200953018 /* Overture in Frameworks */,
				9BD0A8FA2BBFA01400953018 /* ReactiveCocoa in Frameworks */,
				9BD0A8F72BBF9F5400953018 /* ReactiveSwift in Frameworks */,
				9BD0A8E32BBE185700953018 /* SnapKit in Frameworks */,
				9BBD8D2D2BBC5B3000A5F295 /* ComposableArchitecture in Frameworks */,
				9BBD8D282BBC5B0300A5F295 /* PreviewSnapshots in Frameworks */,
			);
			runOnlyForDeploymentPostprocessing = 0;
		};
		9BBD8D052BBC561000A5F295 /* Frameworks */ = {
			isa = PBXFrameworksBuildPhase;
			buildActionMask = 2147483647;
			files = (
				9B1FE3A42BC63D9100F0A259 /* Nimble in Frameworks */,
				9B1FE3A12BC63D6600F0A259 /* Quick in Frameworks */,
				9BBD8D2A2BBC5B0300A5F295 /* PreviewSnapshotsTesting in Frameworks */,
			);
			runOnlyForDeploymentPostprocessing = 0;
		};
		9BBD8D0F2BBC561000A5F295 /* Frameworks */ = {
			isa = PBXFrameworksBuildPhase;
			buildActionMask = 2147483647;
			files = (
			);
			runOnlyForDeploymentPostprocessing = 0;
		};
/* End PBXFrameworksBuildPhase section */

/* Begin PBXGroup section */
		9B1FE3632BC0A08600F0A259 /* Models */ = {
			isa = PBXGroup;
			children = (
				9B1FE3642BC0A09200F0A259 /* Addresses.swift */,
				9B1FE3612BC0946300F0A259 /* LoadCriteria.swift */,
				9B1FE3752BC49BD000F0A259 /* WeatherDisplayData.swift */,
				9B1FE3682BC0EE0500F0A259 /* ForecastDisplayData.swift */,
				9B1FE3942BC5DC2800F0A259 /* ForecastDisplayDataMock.swift */,
				9B1FE3732BC49BAE00F0A259 /* CurrentWeatherDisplayData.swift */,
				9B1FE3922BC5DAB700F0A259 /* CurrentWeatherDisplayDataMock.swift */,
			);
			path = Models;
			sourceTree = "<group>";
		};
		9B1FE36C2BC498FA00F0A259 /* UIKitExtensions */ = {
			isa = PBXGroup;
			children = (
				9B1FE36D2BC4990400F0A259 /* BaseViewController.swift */,
				9B1FE37E2BC4D59600F0A259 /* Reusable.swift */,
				9B1FE3822BC5001600F0A259 /* UITableView.swift */,
				9B98F4732BCEDB57008B5876 /* HostControllerDelegate.swift */,
			);
			path = UIKitExtensions;
			sourceTree = "<group>";
		};
		9B1FE3792BC4CE2100F0A259 /* Views */ = {
			isa = PBXGroup;
			children = (
				9B1FE37A2BC4D50500F0A259 /* WeatherSectionHeader.swift */,
				9B1FE37C2BC4D52F00F0A259 /* WeatherForecastCell.swift */,
				9B1FE3802BC4FDC600F0A259 /* LoadingViewUIKit.swift */,
				9B1FE3872BC5C7B800F0A259 /* WeatherSelectorHeaderView.swift */,
			);
			path = Views;
			sourceTree = "<group>";
		};
		9B1FE3842BC507B000F0A259 /* SwiftUIMix */ = {
			isa = PBXGroup;
			children = (
				9B1FE3962BC5DF4400F0A259 /* Views */,
				9B1FE3852BC507C400F0A259 /* SwiftUIMixView.swift */,
				9B1FE3892BC5CD3600F0A259 /* SwiftUIMixViewModel.swift */,
				9BAA257A2BC7842900AA42B3 /* MixViewModelTests.swift */,
				9B1FE38B2BC5CD7700F0A259 /* ViewDataState.swift */,
				9B1FE38D2BC5D63200F0A259 /* SwiftUIMixController.swift */,
			);
			path = SwiftUIMix;
			sourceTree = "<group>";
		};
		9B1FE38F2BC5D67900F0A259 /* SwiftUIModifiers */ = {
			isa = PBXGroup;
			children = (
				9B1FE3902BC5D68500F0A259 /* OnLoad.swift */,
				9B1FE39B2BC6369700F0A259 /* ReadSize.swift */,
				9BD981212BC739C10075ED8B /* GrowingButton.swift */,
			);
			path = SwiftUIModifiers;
			sourceTree = "<group>";
		};
		9B1FE3962BC5DF4400F0A259 /* Views */ = {
			isa = PBXGroup;
			children = (
				9B1FE3972BC5DFC000F0A259 /* CurrentWeatherView.swift */,
				9B652A122BC851950038ADFC /* CurrentWeatherViewSnapshotTests.swift */,
				9B1FE3992BC6352D00F0A259 /* ForecastWeatherView.swift */,
				9B652A102BC851400038ADFC /* ForecastWeatherViewSnapshotTests.swift */,
				9B1FE39D2BC63A7F00F0A259 /* LoadingSectionView.swift */,
			);
			path = Views;
			sourceTree = "<group>";
		};
		9B1FE3AA2BC6F46100F0A259 /* ComposableArchitectureView */ = {
			isa = PBXGroup;
			children = (
				9B98F46E2BCDE259008B5876 /* SubView */,
				9B1FE3AF2BC6FE0F00F0A259 /* WeatherStore.swift */,
				9B652A142BC851E10038ADFC /* WeatherStoreTests.swift */,
				9B1FE3B12BC722EF00F0A259 /* ComposableView.swift */,
				9B1FE3B32BC7271500F0A259 /* WeatherComposableController.swift */,
			);
			path = ComposableArchitectureView;
			sourceTree = "<group>";
		};
		9B327CC12BC8CE120031A858 /* ModifiersExtensions */ = {
			isa = PBXGroup;
			children = (
				9BD0A8EE2BBF995800953018 /* Constants */,
				9BD0A8F12BBF9C1F00953018 /* ReactiveSwiftExtensions */,
				9B1FE36C2BC498FA00F0A259 /* UIKitExtensions */,
				9B1FE38F2BC5D67900F0A259 /* SwiftUIModifiers */,
			);
			path = ModifiersExtensions;
			sourceTree = "<group>";
		};
		9B7651CF2BEF08F2009CCC56 /* Resources */ = {
			isa = PBXGroup;
			children = (
				9BBD8CFE2BBC561000A5F295 /* Assets.xcassets */,
				9BBD8D002BBC561000A5F295 /* LaunchScreen.storyboard */,
			);
			path = Resources;
			sourceTree = "<group>";
		};
		9B93EACD2C0537500015D1D3 /* InfiniteLoading */ = {
			isa = PBXGroup;
			children = (
				9B93EAD62C0540B30015D1D3 /* InfiniteLoadingComponent */,
				9B93EAD12C0537AA0015D1D3 /* SwiftUIView */,
				9B93EAD02C0537A00015D1D3 /* Controller */,
			);
			path = InfiniteLoading;
			sourceTree = "<group>";
		};
		9B93EAD02C0537A00015D1D3 /* Controller */ = {
			isa = PBXGroup;
			children = (
				9B93EACE2C0537620015D1D3 /* InfiniteLoadingController.swift */,
			);
			path = Controller;
			sourceTree = "<group>";
		};
		9B93EAD12C0537AA0015D1D3 /* SwiftUIView */ = {
			isa = PBXGroup;
			children = (
				9B93EAD22C0538590015D1D3 /* InfiniteContentView.swift */,
				9B93EAD72C0540FB0015D1D3 /* InfiniteContentStore.swift */,
				9B93EAD92C0541080015D1D3 /* InfiniteContentService.swift */,
				9B93EADB2C05418C0015D1D3 /* ContentModel.swift */,
			);
			path = SwiftUIView;
			sourceTree = "<group>";
		};
		9B93EAD62C0540B30015D1D3 /* InfiniteLoadingComponent */ = {
			isa = PBXGroup;
			children = (
				9B93EAD42C053B350015D1D3 /* InfiniteLoadingView.swift */,
			);
			path = InfiniteLoadingComponent;
			sourceTree = "<group>";
		};
		9B98F46E2BCDE259008B5876 /* SubView */ = {
			isa = PBXGroup;
			children = (
				9B98F46F2BCDE517008B5876 /* ListWeatherView.swift */,
				9B98F4712BCDE523008B5876 /* ListWeatherStore.swift */,
			);
			path = SubView;
			sourceTree = "<group>";
		};
		9BBD8CE92BBC560F00A5F295 = {
			isa = PBXGroup;
			children = (
				9BBD8CF42BBC560F00A5F295 /* SwiftUIIntergrationProject */,
				9BBD8D0B2BBC561000A5F295 /* SwiftUIIntergrationProjectTests */,
				9BBD8D152BBC561000A5F295 /* SwiftUIIntergrationProjectUITests */,
				9BBD8CF32BBC560F00A5F295 /* Products */,
			);
			sourceTree = "<group>";
		};
		9BBD8CF32BBC560F00A5F295 /* Products */ = {
			isa = PBXGroup;
			children = (
				9BBD8CF22BBC560F00A5F295 /* SwiftUIIntergrationProject.app */,
				9BBD8D082BBC561000A5F295 /* SwiftUIIntergrationProjectTests.xctest */,
				9BBD8D122BBC561000A5F295 /* SwiftUIIntergrationProjectUITests.xctest */,
			);
			name = Products;
			sourceTree = "<group>";
		};
		9BBD8CF42BBC560F00A5F295 /* SwiftUIIntergrationProject */ = {
			isa = PBXGroup;
			children = (
				9B93EACD2C0537500015D1D3 /* InfiniteLoading */,
				9B7651CF2BEF08F2009CCC56 /* Resources */,
				9B327CC12BC8CE120031A858 /* ModifiersExtensions */,
				9B1FE3AA2BC6F46100F0A259 /* ComposableArchitectureView */,
				9B1FE3842BC507B000F0A259 /* SwiftUIMix */,
				9B1FE3632BC0A08600F0A259 /* Models */,
				9BD0A9052BC08C3700953018 /* Services */,
				9BD0A9002BC088CA00953018 /* UIKitReactiveSwift */,
				9BD0A8FD2BBFA27100953018 /* Navigation */,
				9BBD8D252BBC56A900A5F295 /* MainMenu */,
				9BBD8CF52BBC560F00A5F295 /* AppDelegate.swift */,
				9BD0A8EA2BBE1A4400953018 /* OpenWeatherAPIKey.swift */,
				9BBD8CF72BBC560F00A5F295 /* SceneDelegate.swift */,
				9B1FE36A2BC497EA00F0A259 /* Environment.swift */,
				9B1FE3A72BC63EB500F0A259 /* EnvironmentMock.swift */,
				9BBD8D032BBC561000A5F295 /* Info.plist */,
			);
			path = SwiftUIIntergrationProject;
			sourceTree = "<group>";
		};
		9BBD8D0B2BBC561000A5F295 /* SwiftUIIntergrationProjectTests */ = {
			isa = PBXGroup;
			children = (
				9BBD8D0C2BBC561000A5F295 /* SwiftUIIntergrationProjectTests.swift */,
			);
			path = SwiftUIIntergrationProjectTests;
			sourceTree = "<group>";
		};
		9BBD8D152BBC561000A5F295 /* SwiftUIIntergrationProjectUITests */ = {
			isa = PBXGroup;
			children = (
				9BBD8D162BBC561000A5F295 /* SwiftUIIntergrationProjectUITests.swift */,
				9BBD8D182BBC561000A5F295 /* SwiftUIIntergrationProjectUITestsLaunchTests.swift */,
			);
			path = SwiftUIIntergrationProjectUITests;
			sourceTree = "<group>";
		};
		9BBD8D252BBC56A900A5F295 /* MainMenu */ = {
			isa = PBXGroup;
			children = (
				9BBD8CF92BBC560F00A5F295 /* ViewController.swift */,
				9BD0A8EC2BBE1C7100953018 /* MainMenuView.swift */,
			);
			path = MainMenu;
			sourceTree = "<group>";
		};
		9BD0A8EE2BBF995800953018 /* Constants */ = {
			isa = PBXGroup;
			children = (
				9BD0A8EF2BBF996F00953018 /* CGFloat+Extensions.swift */,
				9B7651D02BEF1C5A009CCC56 /* Double+Extensions.swift */,
			);
			path = Constants;
			sourceTree = "<group>";
		};
		9BD0A8F12BBF9C1F00953018 /* ReactiveSwiftExtensions */ = {
			isa = PBXGroup;
			children = (
				9BD0A8FB2BBFA02800953018 /* ReactiveSwift+Extensions.swift */,
				9B1FE36F2BC4996C00F0A259 /* Functions.swift */,
				9B1FE3712BC49B2F00F0A259 /* BaseDataViewModelInput.swift */,
				9B1FE3772BC4CD1200F0A259 /* Reactive+UIKit.swift */,
				9BAA25762BC77D6B00AA42B3 /* TestObserver.swift */,
			);
			path = ReactiveSwiftExtensions;
			sourceTree = "<group>";
		};
		9BD0A8FD2BBFA27100953018 /* Navigation */ = {
			isa = PBXGroup;
			children = (
				9BD0A8FE2BBFA8DE00953018 /* NavigationHandler.swift */,
			);
			path = Navigation;
			sourceTree = "<group>";
		};
		9BD0A9002BC088CA00953018 /* UIKitReactiveSwift */ = {
			isa = PBXGroup;
			children = (
				9B1FE3792BC4CE2100F0A259 /* Views */,
				9BD0A9012BC08ADA00953018 /* UIKitReactiveController.swift */,
				9B652A0E2BC84ECD0038ADFC /* UIKitReactiveSnapshotTests.swift */,
				9BD0A9032BC08C2C00953018 /* ReactiveSwiftViewModel.swift */,
				9BAA25742BC77BE400AA42B3 /* ReactiveSwiftViewModelTests.swift */,
			);
			path = UIKitReactiveSwift;
			sourceTree = "<group>";
		};
		9BD0A9052BC08C3700953018 /* Services */ = {
			isa = PBXGroup;
			children = (
				9BD0A9062BC08CFB00953018 /* WeatherServiceReactive.swift */,
				9B1FE3A52BC63E1B00F0A259 /* WeatherServiceMock.swift */,
				9B1FE3662BC0A0FD00F0A259 /* AddressService.swift */,
				9BAA25782BC7815F00AA42B3 /* AddressServiceMock.swift */,
				9B1FE3AB2BC6F49600F0A259 /* WeatherServiceCombine.swift */,
				9B1FE3AD2BC6F4B000F0A259 /* WeatherServiceURL.swift */,
			);
			path = Services;
			sourceTree = "<group>";
		};
/* End PBXGroup section */

/* Begin PBXNativeTarget section */
		9BBD8CF12BBC560F00A5F295 /* SwiftUIIntergrationProject */ = {
			isa = PBXNativeTarget;
			buildConfigurationList = 9BBD8D1C2BBC561000A5F295 /* Build configuration list for PBXNativeTarget "SwiftUIIntergrationProject" */;
			buildPhases = (
				9BBD8CEE2BBC560F00A5F295 /* Sources */,
				9BBD8CEF2BBC560F00A5F295 /* Frameworks */,
				9BBD8CF02BBC560F00A5F295 /* Resources */,
			);
			buildRules = (
			);
			dependencies = (
			);
			name = SwiftUIIntergrationProject;
			packageProductDependencies = (
				9BBD8D272BBC5B0300A5F295 /* PreviewSnapshots */,
				9BBD8D2C2BBC5B3000A5F295 /* ComposableArchitecture */,
				9BD0A8E22BBE185700953018 /* SnapKit */,
				9BD0A8F32BBF9E4200953018 /* Overture */,
				9BD0A8F62BBF9F5400953018 /* ReactiveSwift */,
				9BD0A8F92BBFA01400953018 /* ReactiveCocoa */,
			);
			productName = SwiftUIIntergrationProject;
			productReference = 9BBD8CF22BBC560F00A5F295 /* SwiftUIIntergrationProject.app */;
			productType = "com.apple.product-type.application";
		};
		9BBD8D072BBC561000A5F295 /* SwiftUIIntergrationProjectTests */ = {
			isa = PBXNativeTarget;
			buildConfigurationList = 9BBD8D1F2BBC561000A5F295 /* Build configuration list for PBXNativeTarget "SwiftUIIntergrationProjectTests" */;
			buildPhases = (
				9BBD8D042BBC561000A5F295 /* Sources */,
				9BBD8D052BBC561000A5F295 /* Frameworks */,
				9BBD8D062BBC561000A5F295 /* Resources */,
			);
			buildRules = (
			);
			dependencies = (
				9BBD8D0A2BBC561000A5F295 /* PBXTargetDependency */,
			);
			name = SwiftUIIntergrationProjectTests;
			packageProductDependencies = (
				9BBD8D292BBC5B0300A5F295 /* PreviewSnapshotsTesting */,
				9B1FE3A02BC63D6600F0A259 /* Quick */,
				9B1FE3A32BC63D9100F0A259 /* Nimble */,
			);
			productName = SwiftUIIntergrationProjectTests;
			productReference = 9BBD8D082BBC561000A5F295 /* SwiftUIIntergrationProjectTests.xctest */;
			productType = "com.apple.product-type.bundle.unit-test";
		};
		9BBD8D112BBC561000A5F295 /* SwiftUIIntergrationProjectUITests */ = {
			isa = PBXNativeTarget;
			buildConfigurationList = 9BBD8D222BBC561000A5F295 /* Build configuration list for PBXNativeTarget "SwiftUIIntergrationProjectUITests" */;
			buildPhases = (
				9BBD8D0E2BBC561000A5F295 /* Sources */,
				9BBD8D0F2BBC561000A5F295 /* Frameworks */,
				9BBD8D102BBC561000A5F295 /* Resources */,
			);
			buildRules = (
			);
			dependencies = (
				9BBD8D142BBC561000A5F295 /* PBXTargetDependency */,
			);
			name = SwiftUIIntergrationProjectUITests;
			productName = SwiftUIIntergrationProjectUITests;
			productReference = 9BBD8D122BBC561000A5F295 /* SwiftUIIntergrationProjectUITests.xctest */;
			productType = "com.apple.product-type.bundle.ui-testing";
		};
/* End PBXNativeTarget section */

/* Begin PBXProject section */
		9BBD8CEA2BBC560F00A5F295 /* Project object */ = {
			isa = PBXProject;
			attributes = {
				BuildIndependentTargetsInParallel = 1;
				LastSwiftUpdateCheck = 1520;
				LastUpgradeCheck = 1520;
				TargetAttributes = {
					9BBD8CF12BBC560F00A5F295 = {
						CreatedOnToolsVersion = 15.2;
					};
					9BBD8D072BBC561000A5F295 = {
						CreatedOnToolsVersion = 15.2;
						TestTargetID = 9BBD8CF12BBC560F00A5F295;
					};
					9BBD8D112BBC561000A5F295 = {
						CreatedOnToolsVersion = 15.2;
						TestTargetID = 9BBD8CF12BBC560F00A5F295;
					};
				};
			};
			buildConfigurationList = 9BBD8CED2BBC560F00A5F295 /* Build configuration list for PBXProject "SwiftUIIntergrationProject" */;
			compatibilityVersion = "Xcode 14.0";
			developmentRegion = en;
			hasScannedForEncodings = 0;
			knownRegions = (
				en,
				Base,
			);
			mainGroup = 9BBD8CE92BBC560F00A5F295;
			packageReferences = (
				9BBD8D262BBC5B0300A5F295 /* XCRemoteSwiftPackageReference "swiftui-preview-snapshots" */,
				9BBD8D2B2BBC5B3000A5F295 /* XCRemoteSwiftPackageReference "swift-composable-architecture" */,
				9BD0A8E12BBE185700953018 /* XCRemoteSwiftPackageReference "SnapKit" */,
				9BD0A8F22BBF9E4200953018 /* XCRemoteSwiftPackageReference "swift-overture" */,
				9BD0A8F52BBF9F5400953018 /* XCRemoteSwiftPackageReference "ReactiveSwift" */,
				9BD0A8F82BBFA01400953018 /* XCRemoteSwiftPackageReference "ReactiveCocoa" */,
				9B1FE39F2BC63D6600F0A259 /* XCRemoteSwiftPackageReference "Quick" */,
				9B1FE3A22BC63D9100F0A259 /* XCRemoteSwiftPackageReference "Nimble" */,
			);
			productRefGroup = 9BBD8CF32BBC560F00A5F295 /* Products */;
			projectDirPath = "";
			projectRoot = "";
			targets = (
				9BBD8CF12BBC560F00A5F295 /* SwiftUIIntergrationProject */,
				9BBD8D072BBC561000A5F295 /* SwiftUIIntergrationProjectTests */,
				9BBD8D112BBC561000A5F295 /* SwiftUIIntergrationProjectUITests */,
			);
		};
/* End PBXProject section */

/* Begin PBXResourcesBuildPhase section */
		9BBD8CF02BBC560F00A5F295 /* Resources */ = {
			isa = PBXResourcesBuildPhase;
			buildActionMask = 2147483647;
			files = (
				9BBD8D022BBC561000A5F295 /* LaunchScreen.storyboard in Resources */,
				9BBD8CFF2BBC561000A5F295 /* Assets.xcassets in Resources */,
			);
			runOnlyForDeploymentPostprocessing = 0;
		};
		9BBD8D062BBC561000A5F295 /* Resources */ = {
			isa = PBXResourcesBuildPhase;
			buildActionMask = 2147483647;
			files = (
			);
			runOnlyForDeploymentPostprocessing = 0;
		};
		9BBD8D102BBC561000A5F295 /* Resources */ = {
			isa = PBXResourcesBuildPhase;
			buildActionMask = 2147483647;
			files = (
			);
			runOnlyForDeploymentPostprocessing = 0;
		};
/* End PBXResourcesBuildPhase section */

/* Begin PBXSourcesBuildPhase section */
		9BBD8CEE2BBC560F00A5F295 /* Sources */ = {
			isa = PBXSourcesBuildPhase;
			buildActionMask = 2147483647;
			files = (
				9BD0A9022BC08ADA00953018 /* UIKitReactiveController.swift in Sources */,
				9B1FE3742BC49BAE00F0A259 /* CurrentWeatherDisplayData.swift in Sources */,
				9B7651D12BEF1C5A009CCC56 /* Double+Extensions.swift in Sources */,
				9B1FE3B22BC722EF00F0A259 /* ComposableView.swift in Sources */,
				9B1FE3952BC5DC2800F0A259 /* ForecastDisplayDataMock.swift in Sources */,
				9B98F4742BCEDB57008B5876 /* HostControllerDelegate.swift in Sources */,
				9B1FE36B2BC497EA00F0A259 /* Environment.swift in Sources */,
				9B93EADC2C05418C0015D1D3 /* ContentModel.swift in Sources */,
				9B1FE3882BC5C7B800F0A259 /* WeatherSelectorHeaderView.swift in Sources */,
				9BD0A8FF2BBFA8DE00953018 /* NavigationHandler.swift in Sources */,
				9B1FE37F2BC4D59600F0A259 /* Reusable.swift in Sources */,
				9B1FE3832BC5001600F0A259 /* UITableView.swift in Sources */,
				9BD0A9072BC08CFB00953018 /* WeatherServiceReactive.swift in Sources */,
				9B1FE39E2BC63A7F00F0A259 /* LoadingSectionView.swift in Sources */,
				9B1FE3B42BC7271500F0A259 /* WeatherComposableController.swift in Sources */,
				9BD0A8FC2BBFA02800953018 /* ReactiveSwift+Extensions.swift in Sources */,
				9B93EAD52C053B350015D1D3 /* InfiniteLoadingView.swift in Sources */,
				9B1FE39C2BC6369700F0A259 /* ReadSize.swift in Sources */,
				9B1FE3622BC0946300F0A259 /* LoadCriteria.swift in Sources */,
				9B1FE3652BC0A09200F0A259 /* Addresses.swift in Sources */,
				9B1FE36E2BC4990400F0A259 /* BaseViewController.swift in Sources */,
				9B1FE3862BC507C400F0A259 /* SwiftUIMixView.swift in Sources */,
				9BD0A8ED2BBE1C7100953018 /* MainMenuView.swift in Sources */,
				9B1FE3912BC5D68500F0A259 /* OnLoad.swift in Sources */,
				9B1FE3B02BC6FE0F00F0A259 /* WeatherStore.swift in Sources */,
				9BBD8CFA2BBC560F00A5F295 /* ViewController.swift in Sources */,
				9B93EACF2C0537620015D1D3 /* InfiniteLoadingController.swift in Sources */,
				9B1FE38C2BC5CD7700F0A259 /* ViewDataState.swift in Sources */,
				9B98F4702BCDE517008B5876 /* ListWeatherView.swift in Sources */,
				9B1FE37D2BC4D52F00F0A259 /* WeatherForecastCell.swift in Sources */,
				9BBD8CF62BBC560F00A5F295 /* AppDelegate.swift in Sources */,
				9B1FE38E2BC5D63200F0A259 /* SwiftUIMixController.swift in Sources */,
				9B1FE39A2BC6352D00F0A259 /* ForecastWeatherView.swift in Sources */,
				9B1FE3982BC5DFC000F0A259 /* CurrentWeatherView.swift in Sources */,
				9B1FE3702BC4996C00F0A259 /* Functions.swift in Sources */,
				9BD981222BC739C10075ED8B /* GrowingButton.swift in Sources */,
				9B1FE3932BC5DAB700F0A259 /* CurrentWeatherDisplayDataMock.swift in Sources */,
				9B1FE3762BC49BD000F0A259 /* WeatherDisplayData.swift in Sources */,
				9B1FE3812BC4FDC600F0A259 /* LoadingViewUIKit.swift in Sources */,
				9BBD8CF82BBC560F00A5F295 /* SceneDelegate.swift in Sources */,
				9B93EADA2C0541080015D1D3 /* InfiniteContentService.swift in Sources */,
				9B1FE38A2BC5CD3600F0A259 /* SwiftUIMixViewModel.swift in Sources */,
				9B1FE3692BC0EE0500F0A259 /* ForecastDisplayData.swift in Sources */,
				9B93EAD32C0538590015D1D3 /* InfiniteContentView.swift in Sources */,
				9BD0A9042BC08C2C00953018 /* ReactiveSwiftViewModel.swift in Sources */,
				9BD0A8F02BBF996F00953018 /* CGFloat+Extensions.swift in Sources */,
				9B1FE3722BC49B2F00F0A259 /* BaseDataViewModelInput.swift in Sources */,
				9B1FE3AE2BC6F4B000F0A259 /* WeatherServiceURL.swift in Sources */,
				9B1FE37B2BC4D50600F0A259 /* WeatherSectionHeader.swift in Sources */,
				9B1FE3AC2BC6F49600F0A259 /* WeatherServiceCombine.swift in Sources */,
				9B1FE3782BC4CD1200F0A259 /* Reactive+UIKit.swift in Sources */,
				9B1FE3672BC0A0FD00F0A259 /* AddressService.swift in Sources */,
				9B93EAD82C0540FB0015D1D3 /* InfiniteContentStore.swift in Sources */,
				9B98F4722BCDE523008B5876 /* ListWeatherStore.swift in Sources */,
				9BD0A8EB2BBE1A4400953018 /* OpenWeatherAPIKey.swift in Sources */,
			);
			runOnlyForDeploymentPostprocessing = 0;
		};
		9BBD8D042BBC561000A5F295 /* Sources */ = {
			isa = PBXSourcesBuildPhase;
			buildActionMask = 2147483647;
			files = (
				9BAA25792BC7815F00AA42B3 /* AddressServiceMock.swift in Sources */,
				9B652A132BC851950038ADFC /* CurrentWeatherViewSnapshotTests.swift in Sources */,
				9B652A152BC851E10038ADFC /* WeatherStoreTests.swift in Sources */,
				9B1FE3A92BC63F0300F0A259 /* EnvironmentMock.swift in Sources */,
				9BAA257B2BC7842900AA42B3 /* MixViewModelTests.swift in Sources */,
				9BAA25752BC77BE400AA42B3 /* ReactiveSwiftViewModelTests.swift in Sources */,
				9B652A112BC851400038ADFC /* ForecastWeatherViewSnapshotTests.swift in Sources */,
				9B1FE3A62BC63E1B00F0A259 /* WeatherServiceMock.swift in Sources */,
				9BBD8D0D2BBC561000A5F295 /* SwiftUIIntergrationProjectTests.swift in Sources */,
				9B652A0F2BC84ECD0038ADFC /* UIKitReactiveSnapshotTests.swift in Sources */,
				9BAA25772BC77D6B00AA42B3 /* TestObserver.swift in Sources */,
			);
			runOnlyForDeploymentPostprocessing = 0;
		};
		9BBD8D0E2BBC561000A5F295 /* Sources */ = {
			isa = PBXSourcesBuildPhase;
			buildActionMask = 2147483647;
			files = (
				9BBD8D192BBC561000A5F295 /* SwiftUIIntergrationProjectUITestsLaunchTests.swift in Sources */,
				9BBD8D172BBC561000A5F295 /* SwiftUIIntergrationProjectUITests.swift in Sources */,
			);
			runOnlyForDeploymentPostprocessing = 0;
		};
/* End PBXSourcesBuildPhase section */

/* Begin PBXTargetDependency section */
		9BBD8D0A2BBC561000A5F295 /* PBXTargetDependency */ = {
			isa = PBXTargetDependency;
			target = 9BBD8CF12BBC560F00A5F295 /* SwiftUIIntergrationProject */;
			targetProxy = 9BBD8D092BBC561000A5F295 /* PBXContainerItemProxy */;
		};
		9BBD8D142BBC561000A5F295 /* PBXTargetDependency */ = {
			isa = PBXTargetDependency;
			target = 9BBD8CF12BBC560F00A5F295 /* SwiftUIIntergrationProject */;
			targetProxy = 9BBD8D132BBC561000A5F295 /* PBXContainerItemProxy */;
		};
/* End PBXTargetDependency section */

/* Begin PBXVariantGroup section */
		9BBD8D002BBC561000A5F295 /* LaunchScreen.storyboard */ = {
			isa = PBXVariantGroup;
			children = (
				9BBD8D012BBC561000A5F295 /* Base */,
			);
			name = LaunchScreen.storyboard;
			sourceTree = "<group>";
		};
/* End PBXVariantGroup section */

/* Begin XCBuildConfiguration section */
		9BBD8D1A2BBC561000A5F295 /* Debug */ = {
			isa = XCBuildConfiguration;
			buildSettings = {
				ALWAYS_SEARCH_USER_PATHS = NO;
				ASSETCATALOG_COMPILER_GENERATE_SWIFT_ASSET_SYMBOL_EXTENSIONS = YES;
				CLANG_ANALYZER_NONNULL = YES;
				CLANG_ANALYZER_NUMBER_OBJECT_CONVERSION = YES_AGGRESSIVE;
				CLANG_CXX_LANGUAGE_STANDARD = "gnu++20";
				CLANG_ENABLE_MODULES = YES;
				CLANG_ENABLE_OBJC_ARC = YES;
				CLANG_ENABLE_OBJC_WEAK = YES;
				CLANG_WARN_BLOCK_CAPTURE_AUTORELEASING = YES;
				CLANG_WARN_BOOL_CONVERSION = YES;
				CLANG_WARN_COMMA = YES;
				CLANG_WARN_CONSTANT_CONVERSION = YES;
				CLANG_WARN_DEPRECATED_OBJC_IMPLEMENTATIONS = YES;
				CLANG_WARN_DIRECT_OBJC_ISA_USAGE = YES_ERROR;
				CLANG_WARN_DOCUMENTATION_COMMENTS = YES;
				CLANG_WARN_EMPTY_BODY = YES;
				CLANG_WARN_ENUM_CONVERSION = YES;
				CLANG_WARN_INFINITE_RECURSION = YES;
				CLANG_WARN_INT_CONVERSION = YES;
				CLANG_WARN_NON_LITERAL_NULL_CONVERSION = YES;
				CLANG_WARN_OBJC_IMPLICIT_RETAIN_SELF = YES;
				CLANG_WARN_OBJC_LITERAL_CONVERSION = YES;
				CLANG_WARN_OBJC_ROOT_CLASS = YES_ERROR;
				CLANG_WARN_QUOTED_INCLUDE_IN_FRAMEWORK_HEADER = YES;
				CLANG_WARN_RANGE_LOOP_ANALYSIS = YES;
				CLANG_WARN_STRICT_PROTOTYPES = YES;
				CLANG_WARN_SUSPICIOUS_MOVE = YES;
				CLANG_WARN_UNGUARDED_AVAILABILITY = YES_AGGRESSIVE;
				CLANG_WARN_UNREACHABLE_CODE = YES;
				CLANG_WARN__DUPLICATE_METHOD_MATCH = YES;
				COPY_PHASE_STRIP = NO;
				DEBUG_INFORMATION_FORMAT = dwarf;
				ENABLE_STRICT_OBJC_MSGSEND = YES;
				ENABLE_TESTABILITY = YES;
				ENABLE_USER_SCRIPT_SANDBOXING = YES;
				GCC_C_LANGUAGE_STANDARD = gnu17;
				GCC_DYNAMIC_NO_PIC = NO;
				GCC_NO_COMMON_BLOCKS = YES;
				GCC_OPTIMIZATION_LEVEL = 0;
				GCC_PREPROCESSOR_DEFINITIONS = (
					"DEBUG=1",
					"$(inherited)",
				);
				GCC_WARN_64_TO_32_BIT_CONVERSION = YES;
				GCC_WARN_ABOUT_RETURN_TYPE = YES_ERROR;
				GCC_WARN_UNDECLARED_SELECTOR = YES;
				GCC_WARN_UNINITIALIZED_AUTOS = YES_AGGRESSIVE;
				GCC_WARN_UNUSED_FUNCTION = YES;
				GCC_WARN_UNUSED_VARIABLE = YES;
				IPHONEOS_DEPLOYMENT_TARGET = 17.2;
				LOCALIZATION_PREFERS_STRING_CATALOGS = YES;
				MTL_ENABLE_DEBUG_INFO = INCLUDE_SOURCE;
				MTL_FAST_MATH = YES;
				ONLY_ACTIVE_ARCH = YES;
				SDKROOT = iphoneos;
				SWIFT_ACTIVE_COMPILATION_CONDITIONS = "DEBUG $(inherited)";
				SWIFT_OPTIMIZATION_LEVEL = "-Onone";
			};
			name = Debug;
		};
		9BBD8D1B2BBC561000A5F295 /* Release */ = {
			isa = XCBuildConfiguration;
			buildSettings = {
				ALWAYS_SEARCH_USER_PATHS = NO;
				ASSETCATALOG_COMPILER_GENERATE_SWIFT_ASSET_SYMBOL_EXTENSIONS = YES;
				CLANG_ANALYZER_NONNULL = YES;
				CLANG_ANALYZER_NUMBER_OBJECT_CONVERSION = YES_AGGRESSIVE;
				CLANG_CXX_LANGUAGE_STANDARD = "gnu++20";
				CLANG_ENABLE_MODULES = YES;
				CLANG_ENABLE_OBJC_ARC = YES;
				CLANG_ENABLE_OBJC_WEAK = YES;
				CLANG_WARN_BLOCK_CAPTURE_AUTORELEASING = YES;
				CLANG_WARN_BOOL_CONVERSION = YES;
				CLANG_WARN_COMMA = YES;
				CLANG_WARN_CONSTANT_CONVERSION = YES;
				CLANG_WARN_DEPRECATED_OBJC_IMPLEMENTATIONS = YES;
				CLANG_WARN_DIRECT_OBJC_ISA_USAGE = YES_ERROR;
				CLANG_WARN_DOCUMENTATION_COMMENTS = YES;
				CLANG_WARN_EMPTY_BODY = YES;
				CLANG_WARN_ENUM_CONVERSION = YES;
				CLANG_WARN_INFINITE_RECURSION = YES;
				CLANG_WARN_INT_CONVERSION = YES;
				CLANG_WARN_NON_LITERAL_NULL_CONVERSION = YES;
				CLANG_WARN_OBJC_IMPLICIT_RETAIN_SELF = YES;
				CLANG_WARN_OBJC_LITERAL_CONVERSION = YES;
				CLANG_WARN_OBJC_ROOT_CLASS = YES_ERROR;
				CLANG_WARN_QUOTED_INCLUDE_IN_FRAMEWORK_HEADER = YES;
				CLANG_WARN_RANGE_LOOP_ANALYSIS = YES;
				CLANG_WARN_STRICT_PROTOTYPES = YES;
				CLANG_WARN_SUSPICIOUS_MOVE = YES;
				CLANG_WARN_UNGUARDED_AVAILABILITY = YES_AGGRESSIVE;
				CLANG_WARN_UNREACHABLE_CODE = YES;
				CLANG_WARN__DUPLICATE_METHOD_MATCH = YES;
				COPY_PHASE_STRIP = NO;
				DEBUG_INFORMATION_FORMAT = "dwarf-with-dsym";
				ENABLE_NS_ASSERTIONS = NO;
				ENABLE_STRICT_OBJC_MSGSEND = YES;
				ENABLE_USER_SCRIPT_SANDBOXING = YES;
				GCC_C_LANGUAGE_STANDARD = gnu17;
				GCC_NO_COMMON_BLOCKS = YES;
				GCC_WARN_64_TO_32_BIT_CONVERSION = YES;
				GCC_WARN_ABOUT_RETURN_TYPE = YES_ERROR;
				GCC_WARN_UNDECLARED_SELECTOR = YES;
				GCC_WARN_UNINITIALIZED_AUTOS = YES_AGGRESSIVE;
				GCC_WARN_UNUSED_FUNCTION = YES;
				GCC_WARN_UNUSED_VARIABLE = YES;
				IPHONEOS_DEPLOYMENT_TARGET = 17.2;
				LOCALIZATION_PREFERS_STRING_CATALOGS = YES;
				MTL_ENABLE_DEBUG_INFO = NO;
				MTL_FAST_MATH = YES;
				SDKROOT = iphoneos;
				SWIFT_COMPILATION_MODE = wholemodule;
				VALIDATE_PRODUCT = YES;
			};
			name = Release;
		};
		9BBD8D1D2BBC561000A5F295 /* Debug */ = {
			isa = XCBuildConfiguration;
			buildSettings = {
				ASSETCATALOG_COMPILER_APPICON_NAME = AppIcon;
				ASSETCATALOG_COMPILER_GLOBAL_ACCENT_COLOR_NAME = AccentColor;
				CODE_SIGN_STYLE = Automatic;
				CURRENT_PROJECT_VERSION = 1;
				DEVELOPMENT_TEAM = J9VPQW634N;
				GENERATE_INFOPLIST_FILE = YES;
				INFOPLIST_FILE = SwiftUIIntergrationProject/Info.plist;
				INFOPLIST_KEY_UIApplicationSupportsIndirectInputEvents = YES;
				INFOPLIST_KEY_UILaunchStoryboardName = LaunchScreen;
				INFOPLIST_KEY_UIMainStoryboardFile = "";
				INFOPLIST_KEY_UISupportedInterfaceOrientations_iPad = "UIInterfaceOrientationPortrait UIInterfaceOrientationPortraitUpsideDown UIInterfaceOrientationLandscapeLeft UIInterfaceOrientationLandscapeRight";
				INFOPLIST_KEY_UISupportedInterfaceOrientations_iPhone = "UIInterfaceOrientationPortrait UIInterfaceOrientationLandscapeLeft UIInterfaceOrientationLandscapeRight";
				LD_RUNPATH_SEARCH_PATHS = (
					"$(inherited)",
					"@executable_path/Frameworks",
				);
				MARKETING_VERSION = 1.0;
				PRODUCT_BUNDLE_IDENTIFIER = com.salesforce.trailhead.SwiftUIIntergrationProject;
				PRODUCT_NAME = "$(TARGET_NAME)";
				SWIFT_EMIT_LOC_STRINGS = YES;
				SWIFT_VERSION = 5.0;
				TARGETED_DEVICE_FAMILY = "1,2";
			};
			name = Debug;
		};
		9BBD8D1E2BBC561000A5F295 /* Release */ = {
			isa = XCBuildConfiguration;
			buildSettings = {
				ASSETCATALOG_COMPILER_APPICON_NAME = AppIcon;
				ASSETCATALOG_COMPILER_GLOBAL_ACCENT_COLOR_NAME = AccentColor;
				CODE_SIGN_STYLE = Automatic;
				CURRENT_PROJECT_VERSION = 1;
				DEVELOPMENT_TEAM = J9VPQW634N;
				GENERATE_INFOPLIST_FILE = YES;
				INFOPLIST_FILE = SwiftUIIntergrationProject/Info.plist;
				INFOPLIST_KEY_UIApplicationSupportsIndirectInputEvents = YES;
				INFOPLIST_KEY_UILaunchStoryboardName = LaunchScreen;
				INFOPLIST_KEY_UIMainStoryboardFile = "";
				INFOPLIST_KEY_UISupportedInterfaceOrientations_iPad = "UIInterfaceOrientationPortrait UIInterfaceOrientationPortraitUpsideDown UIInterfaceOrientationLandscapeLeft UIInterfaceOrientationLandscapeRight";
				INFOPLIST_KEY_UISupportedInterfaceOrientations_iPhone = "UIInterfaceOrientationPortrait UIInterfaceOrientationLandscapeLeft UIInterfaceOrientationLandscapeRight";
				LD_RUNPATH_SEARCH_PATHS = (
					"$(inherited)",
					"@executable_path/Frameworks",
				);
				MARKETING_VERSION = 1.0;
				PRODUCT_BUNDLE_IDENTIFIER = com.salesforce.trailhead.SwiftUIIntergrationProject;
				PRODUCT_NAME = "$(TARGET_NAME)";
				SWIFT_EMIT_LOC_STRINGS = YES;
				SWIFT_VERSION = 5.0;
				TARGETED_DEVICE_FAMILY = "1,2";
			};
			name = Release;
		};
		9BBD8D202BBC561000A5F295 /* Debug */ = {
			isa = XCBuildConfiguration;
			buildSettings = {
				ALWAYS_EMBED_SWIFT_STANDARD_LIBRARIES = YES;
				BUNDLE_LOADER = "$(TEST_HOST)";
				CODE_SIGN_STYLE = Automatic;
				CURRENT_PROJECT_VERSION = 1;
				DEVELOPMENT_TEAM = J9VPQW634N;
				GENERATE_INFOPLIST_FILE = YES;
				IPHONEOS_DEPLOYMENT_TARGET = 17.2;
				MARKETING_VERSION = 1.0;
				PRODUCT_BUNDLE_IDENTIFIER = com.salesforce.trailhead.SwiftUIIntergrationProjectTests;
				PRODUCT_NAME = "$(TARGET_NAME)";
				SWIFT_EMIT_LOC_STRINGS = NO;
				SWIFT_VERSION = 5.0;
				TARGETED_DEVICE_FAMILY = "1,2";
				TEST_HOST = "$(BUILT_PRODUCTS_DIR)/SwiftUIIntergrationProject.app/$(BUNDLE_EXECUTABLE_FOLDER_PATH)/SwiftUIIntergrationProject";
			};
			name = Debug;
		};
		9BBD8D212BBC561000A5F295 /* Release */ = {
			isa = XCBuildConfiguration;
			buildSettings = {
				ALWAYS_EMBED_SWIFT_STANDARD_LIBRARIES = YES;
				BUNDLE_LOADER = "$(TEST_HOST)";
				CODE_SIGN_STYLE = Automatic;
				CURRENT_PROJECT_VERSION = 1;
				DEVELOPMENT_TEAM = J9VPQW634N;
				GENERATE_INFOPLIST_FILE = YES;
				IPHONEOS_DEPLOYMENT_TARGET = 17.2;
				MARKETING_VERSION = 1.0;
				PRODUCT_BUNDLE_IDENTIFIER = com.salesforce.trailhead.SwiftUIIntergrationProjectTests;
				PRODUCT_NAME = "$(TARGET_NAME)";
				SWIFT_EMIT_LOC_STRINGS = NO;
				SWIFT_VERSION = 5.0;
				TARGETED_DEVICE_FAMILY = "1,2";
				TEST_HOST = "$(BUILT_PRODUCTS_DIR)/SwiftUIIntergrationProject.app/$(BUNDLE_EXECUTABLE_FOLDER_PATH)/SwiftUIIntergrationProject";
			};
			name = Release;
		};
		9BBD8D232BBC561000A5F295 /* Debug */ = {
			isa = XCBuildConfiguration;
			buildSettings = {
				ALWAYS_EMBED_SWIFT_STANDARD_LIBRARIES = YES;
				CODE_SIGN_STYLE = Automatic;
				CURRENT_PROJECT_VERSION = 1;
				DEVELOPMENT_TEAM = J9VPQW634N;
				GENERATE_INFOPLIST_FILE = YES;
				MARKETING_VERSION = 1.0;
				PRODUCT_BUNDLE_IDENTIFIER = com.salesforce.trailhead.SwiftUIIntergrationProjectUITests;
				PRODUCT_NAME = "$(TARGET_NAME)";
				SWIFT_EMIT_LOC_STRINGS = NO;
				SWIFT_VERSION = 5.0;
				TARGETED_DEVICE_FAMILY = "1,2";
				TEST_TARGET_NAME = SwiftUIIntergrationProject;
			};
			name = Debug;
		};
		9BBD8D242BBC561000A5F295 /* Release */ = {
			isa = XCBuildConfiguration;
			buildSettings = {
				ALWAYS_EMBED_SWIFT_STANDARD_LIBRARIES = YES;
				CODE_SIGN_STYLE = Automatic;
				CURRENT_PROJECT_VERSION = 1;
				DEVELOPMENT_TEAM = J9VPQW634N;
				GENERATE_INFOPLIST_FILE = YES;
				MARKETING_VERSION = 1.0;
				PRODUCT_BUNDLE_IDENTIFIER = com.salesforce.trailhead.SwiftUIIntergrationProjectUITests;
				PRODUCT_NAME = "$(TARGET_NAME)";
				SWIFT_EMIT_LOC_STRINGS = NO;
				SWIFT_VERSION = 5.0;
				TARGETED_DEVICE_FAMILY = "1,2";
				TEST_TARGET_NAME = SwiftUIIntergrationProject;
			};
			name = Release;
		};
/* End XCBuildConfiguration section */

/* Begin XCConfigurationList section */
		9BBD8CED2BBC560F00A5F295 /* Build configuration list for PBXProject "SwiftUIIntergrationProject" */ = {
			isa = XCConfigurationList;
			buildConfigurations = (
				9BBD8D1A2BBC561000A5F295 /* Debug */,
				9BBD8D1B2BBC561000A5F295 /* Release */,
			);
			defaultConfigurationIsVisible = 0;
			defaultConfigurationName = Release;
		};
		9BBD8D1C2BBC561000A5F295 /* Build configuration list for PBXNativeTarget "SwiftUIIntergrationProject" */ = {
			isa = XCConfigurationList;
			buildConfigurations = (
				9BBD8D1D2BBC561000A5F295 /* Debug */,
				9BBD8D1E2BBC561000A5F295 /* Release */,
			);
			defaultConfigurationIsVisible = 0;
			defaultConfigurationName = Release;
		};
		9BBD8D1F2BBC561000A5F295 /* Build configuration list for PBXNativeTarget "SwiftUIIntergrationProjectTests" */ = {
			isa = XCConfigurationList;
			buildConfigurations = (
				9BBD8D202BBC561000A5F295 /* Debug */,
				9BBD8D212BBC561000A5F295 /* Release */,
			);
			defaultConfigurationIsVisible = 0;
			defaultConfigurationName = Release;
		};
		9BBD8D222BBC561000A5F295 /* Build configuration list for PBXNativeTarget "SwiftUIIntergrationProjectUITests" */ = {
			isa = XCConfigurationList;
			buildConfigurations = (
				9BBD8D232BBC561000A5F295 /* Debug */,
				9BBD8D242BBC561000A5F295 /* Release */,
			);
			defaultConfigurationIsVisible = 0;
			defaultConfigurationName = Release;
		};
/* End XCConfigurationList section */

/* Begin XCRemoteSwiftPackageReference section */
		9B1FE39F2BC63D6600F0A259 /* XCRemoteSwiftPackageReference "Quick" */ = {
			isa = XCRemoteSwiftPackageReference;
			repositoryURL = "https://github.com/Quick/Quick";
			requirement = {
				kind = upToNextMajorVersion;
				minimumVersion = 7.5.0;
			};
		};
		9B1FE3A22BC63D9100F0A259 /* XCRemoteSwiftPackageReference "Nimble" */ = {
			isa = XCRemoteSwiftPackageReference;
			repositoryURL = "https://github.com/Quick/Nimble";
			requirement = {
				kind = upToNextMajorVersion;
				minimumVersion = 13.3.0;
			};
		};
		9BBD8D262BBC5B0300A5F295 /* XCRemoteSwiftPackageReference "swiftui-preview-snapshots" */ = {
			isa = XCRemoteSwiftPackageReference;
			repositoryURL = "https://github.com/doordash-oss/swiftui-preview-snapshots";
			requirement = {
				branch = main;
				kind = branch;
			};
		};
		9BBD8D2B2BBC5B3000A5F295 /* XCRemoteSwiftPackageReference "swift-composable-architecture" */ = {
			isa = XCRemoteSwiftPackageReference;
			repositoryURL = "https://github.com/pointfreeco/swift-composable-architecture";
			requirement = {
				kind = upToNextMajorVersion;
				minimumVersion = 1.9.2;
			};
		};
		9BD0A8E12BBE185700953018 /* XCRemoteSwiftPackageReference "SnapKit" */ = {
			isa = XCRemoteSwiftPackageReference;
			repositoryURL = "https://github.com/SnapKit/SnapKit";
			requirement = {
				kind = upToNextMajorVersion;
				minimumVersion = 5.7.1;
			};
		};
		9BD0A8F22BBF9E4200953018 /* XCRemoteSwiftPackageReference "swift-overture" */ = {
			isa = XCRemoteSwiftPackageReference;
			repositoryURL = "https://github.com/pointfreeco/swift-overture";
			requirement = {
				kind = upToNextMajorVersion;
				minimumVersion = 0.5.0;
			};
		};
		9BD0A8F52BBF9F5400953018 /* XCRemoteSwiftPackageReference "ReactiveSwift" */ = {
			isa = XCRemoteSwiftPackageReference;
			repositoryURL = "https://github.com/ReactiveCocoa/ReactiveSwift";
			requirement = {
				kind = upToNextMajorVersion;
				minimumVersion = 7.1.1;
			};
		};
		9BD0A8F82BBFA01400953018 /* XCRemoteSwiftPackageReference "ReactiveCocoa" */ = {
			isa = XCRemoteSwiftPackageReference;
			repositoryURL = "https://github.com/ReactiveCocoa/ReactiveCocoa";
			requirement = {
				kind = upToNextMajorVersion;
				minimumVersion = 12.0.0;
			};
		};
/* End XCRemoteSwiftPackageReference section */

/* Begin XCSwiftPackageProductDependency section */
		9B1FE3A02BC63D6600F0A259 /* Quick */ = {
			isa = XCSwiftPackageProductDependency;
			package = 9B1FE39F2BC63D6600F0A259 /* XCRemoteSwiftPackageReference "Quick" */;
			productName = Quick;
		};
		9B1FE3A32BC63D9100F0A259 /* Nimble */ = {
			isa = XCSwiftPackageProductDependency;
			package = 9B1FE3A22BC63D9100F0A259 /* XCRemoteSwiftPackageReference "Nimble" */;
			productName = Nimble;
		};
		9BBD8D272BBC5B0300A5F295 /* PreviewSnapshots */ = {
			isa = XCSwiftPackageProductDependency;
			package = 9BBD8D262BBC5B0300A5F295 /* XCRemoteSwiftPackageReference "swiftui-preview-snapshots" */;
			productName = PreviewSnapshots;
		};
		9BBD8D292BBC5B0300A5F295 /* PreviewSnapshotsTesting */ = {
			isa = XCSwiftPackageProductDependency;
			package = 9BBD8D262BBC5B0300A5F295 /* XCRemoteSwiftPackageReference "swiftui-preview-snapshots" */;
			productName = PreviewSnapshotsTesting;
		};
		9BBD8D2C2BBC5B3000A5F295 /* ComposableArchitecture */ = {
			isa = XCSwiftPackageProductDependency;
			package = 9BBD8D2B2BBC5B3000A5F295 /* XCRemoteSwiftPackageReference "swift-composable-architecture" */;
			productName = ComposableArchitecture;
		};
		9BD0A8E22BBE185700953018 /* SnapKit */ = {
			isa = XCSwiftPackageProductDependency;
			package = 9BD0A8E12BBE185700953018 /* XCRemoteSwiftPackageReference "SnapKit" */;
			productName = SnapKit;
		};
		9BD0A8F32BBF9E4200953018 /* Overture */ = {
			isa = XCSwiftPackageProductDependency;
			package = 9BD0A8F22BBF9E4200953018 /* XCRemoteSwiftPackageReference "swift-overture" */;
			productName = Overture;
		};
		9BD0A8F62BBF9F5400953018 /* ReactiveSwift */ = {
			isa = XCSwiftPackageProductDependency;
			package = 9BD0A8F52BBF9F5400953018 /* XCRemoteSwiftPackageReference "ReactiveSwift" */;
			productName = ReactiveSwift;
		};
		9BD0A8F92BBFA01400953018 /* ReactiveCocoa */ = {
			isa = XCSwiftPackageProductDependency;
			package = 9BD0A8F82BBFA01400953018 /* XCRemoteSwiftPackageReference "ReactiveCocoa" */;
			productName = ReactiveCocoa;
		};
/* End XCSwiftPackageProductDependency section */
	};
	rootObject = 9BBD8CEA2BBC560F00A5F295 /* Project object */;
}
